// !$*UTF8*$!
{
	archiveVersion = 1;
	classes = {
	};
	objectVersion = 46;
	objects = {

/* Begin PBXBuildFile section */
		1C0266781923761B0062C866 /* MMExampleSideDrawerViewController.m in Sources */ = {isa = PBXBuildFile; fileRef = 1C0266771923761B0062C866 /* MMExampleSideDrawerViewController.m */; };
		1C0A352619244DAD008CEEF8 /* MMTableViewCell.m in Sources */ = {isa = PBXBuildFile; fileRef = 1C0A352519244DAD008CEEF8 /* MMTableViewCell.m */; };
		1C0A352919244DD3008CEEF8 /* MMSideDrawerTableViewCell.m in Sources */ = {isa = PBXBuildFile; fileRef = 1C0A352819244DD3008CEEF8 /* MMSideDrawerTableViewCell.m */; };
		1C0A352C19244DF2008CEEF8 /* MMCenterTableViewCell.m in Sources */ = {isa = PBXBuildFile; fileRef = 1C0A352B19244DF2008CEEF8 /* MMCenterTableViewCell.m */; };
		1C0A352F19244E12008CEEF8 /* MMSideDrawerSectionHeaderView.m in Sources */ = {isa = PBXBuildFile; fileRef = 1C0A352E19244E12008CEEF8 /* MMSideDrawerSectionHeaderView.m */; };
		1C0A35321924AF00008CEEF8 /* MMLogoView.m in Sources */ = {isa = PBXBuildFile; fileRef = 1C0A35311924AF00008CEEF8 /* MMLogoView.m */; };
		1C0E220D191A161700263862 /* AgentCountQueryService.m in Sources */ = {isa = PBXBuildFile; fileRef = 1C0E21E2191A161700263862 /* AgentCountQueryService.m */; };
		1C0E220E191A161700263862 /* CommonUtils.m in Sources */ = {isa = PBXBuildFile; fileRef = 1C0E21E4191A161700263862 /* CommonUtils.m */; };
		1C0E221C191A161700263862 /* MapPoint.m in Sources */ = {isa = PBXBuildFile; fileRef = 1C0E2203191A161700263862 /* MapPoint.m */; };
		1C0E221D191A161700263862 /* MJGeocoder.m in Sources */ = {isa = PBXBuildFile; fileRef = 1C0E2205191A161700263862 /* MJGeocoder.m */; };
		1C0E221E191A161700263862 /* PlaceLocation.m in Sources */ = {isa = PBXBuildFile; fileRef = 1C0E2207191A161700263862 /* PlaceLocation.m */; };
		1C0E221F191A161700263862 /* KMLParser.m in Sources */ = {isa = PBXBuildFile; fileRef = 1C0E220A191A161700263862 /* KMLParser.m */; };
		1C0E2220191A161700263862 /* RouteSearch.m in Sources */ = {isa = PBXBuildFile; fileRef = 1C0E220C191A161700263862 /* RouteSearch.m */; };
		1C0E2222191A164F00263862 /* libxml2.2.dylib in Frameworks */ = {isa = PBXBuildFile; fileRef = 1C0E2221191A164F00263862 /* libxml2.2.dylib */; };
		1C0E2224191A165300263862 /* CoreText.framework in Frameworks */ = {isa = PBXBuildFile; fileRef = 1C0E2223191A165300263862 /* CoreText.framework */; };
		1C0E2226191A165800263862 /* MapKit.framework in Frameworks */ = {isa = PBXBuildFile; fileRef = 1C0E2225191A165800263862 /* MapKit.framework */; };
		1C0E2228191A165C00263862 /* QuartzCore.framework in Frameworks */ = {isa = PBXBuildFile; fileRef = 1C0E2227191A165C00263862 /* QuartzCore.framework */; };
		1C0E222B191A1C1200263862 /* MapAddress.m in Sources */ = {isa = PBXBuildFile; fileRef = 1C0E222A191A1C1200263862 /* MapAddress.m */; };
		1C0E2266191A20AD00263862 /* ASIAuthenticationDialog.m in Sources */ = {isa = PBXBuildFile; fileRef = 1C0E222F191A20AD00263862 /* ASIAuthenticationDialog.m */; settings = {COMPILER_FLAGS = "-fno-objc-arc"; }; };
		1C0E2267191A20AD00263862 /* ASIDataCompressor.m in Sources */ = {isa = PBXBuildFile; fileRef = 1C0E2232191A20AD00263862 /* ASIDataCompressor.m */; settings = {COMPILER_FLAGS = "-fno-objc-arc"; }; };
		1C0E2268191A20AD00263862 /* ASIDataDecompressor.m in Sources */ = {isa = PBXBuildFile; fileRef = 1C0E2234191A20AD00263862 /* ASIDataDecompressor.m */; settings = {COMPILER_FLAGS = "-fno-objc-arc"; }; };
		1C0E2269191A20AD00263862 /* ASIDownloadCache.m in Sources */ = {isa = PBXBuildFile; fileRef = 1C0E2236191A20AD00263862 /* ASIDownloadCache.m */; settings = {COMPILER_FLAGS = "-fno-objc-arc"; }; };
		1C0E226A191A20AD00263862 /* ASIFormDataRequest.m in Sources */ = {isa = PBXBuildFile; fileRef = 1C0E2238191A20AD00263862 /* ASIFormDataRequest.m */; settings = {COMPILER_FLAGS = "-fno-objc-arc"; }; };
		1C0E226B191A20AD00263862 /* ASIHTTPRequest.m in Sources */ = {isa = PBXBuildFile; fileRef = 1C0E223A191A20AD00263862 /* ASIHTTPRequest.m */; settings = {COMPILER_FLAGS = "-fno-objc-arc"; }; };
		1C0E226C191A20AD00263862 /* ASIInputStream.m in Sources */ = {isa = PBXBuildFile; fileRef = 1C0E223E191A20AD00263862 /* ASIInputStream.m */; settings = {COMPILER_FLAGS = "-fno-objc-arc"; }; };
		1C0E226D191A20AD00263862 /* ASINetworkQueue.m in Sources */ = {isa = PBXBuildFile; fileRef = 1C0E2240191A20AD00263862 /* ASINetworkQueue.m */; settings = {COMPILER_FLAGS = "-fno-objc-arc"; }; };
		1C0E226E191A20AD00263862 /* Reachability.m in Sources */ = {isa = PBXBuildFile; fileRef = 1C0E2243191A20AD00263862 /* Reachability.m */; settings = {COMPILER_FLAGS = "-fno-objc-arc"; }; };
		1C0E226F191A20AD00263862 /* BUIControl.m in Sources */ = {isa = PBXBuildFile; fileRef = 1C0E2247191A20AD00263862 /* BUIControl.m */; };
		1C0E2270191A20AD00263862 /* BUIView.m in Sources */ = {isa = PBXBuildFile; fileRef = 1C0E2249191A20AD00263862 /* BUIView.m */; };
		1C0E2271191A20AD00263862 /* ZXObject.m in Sources */ = {isa = PBXBuildFile; fileRef = 1C0E224B191A20AD00263862 /* ZXObject.m */; };
		1C0E2272191A20AD00263862 /* QCheckBox.m in Sources */ = {isa = PBXBuildFile; fileRef = 1C0E224E191A20AD00263862 /* QCheckBox.m */; };
		1C0E2273191A20AD00263862 /* RegularExpression.m in Sources */ = {isa = PBXBuildFile; fileRef = 1C0E2254191A20AD00263862 /* RegularExpression.m */; };
		1C0E2274191A20AD00263862 /* NSObject+SBJSON.m in Sources */ = {isa = PBXBuildFile; fileRef = 1C0E2258191A20AD00263862 /* NSObject+SBJSON.m */; settings = {COMPILER_FLAGS = "-fno-objc-arc"; }; };
		1C0E2275191A20AD00263862 /* NSString+SBJSON.m in Sources */ = {isa = PBXBuildFile; fileRef = 1C0E225A191A20AD00263862 /* NSString+SBJSON.m */; settings = {COMPILER_FLAGS = "-fno-objc-arc"; }; };
		1C0E2276191A20AD00263862 /* SBJSON.m in Sources */ = {isa = PBXBuildFile; fileRef = 1C0E225C191A20AD00263862 /* SBJSON.m */; settings = {COMPILER_FLAGS = "-fno-objc-arc"; }; };
		1C0E2277191A20AD00263862 /* SBJsonBase.m in Sources */ = {isa = PBXBuildFile; fileRef = 1C0E225E191A20AD00263862 /* SBJsonBase.m */; settings = {COMPILER_FLAGS = "-fno-objc-arc"; }; };
		1C0E2278191A20AD00263862 /* SBJsonParser.m in Sources */ = {isa = PBXBuildFile; fileRef = 1C0E2260191A20AD00263862 /* SBJsonParser.m */; settings = {COMPILER_FLAGS = "-fno-objc-arc"; }; };
		1C0E2279191A20AD00263862 /* SBJsonWriter.m in Sources */ = {isa = PBXBuildFile; fileRef = 1C0E2262191A20AD00263862 /* SBJsonWriter.m */; settings = {COMPILER_FLAGS = "-fno-objc-arc"; }; };
		1C0E227A191A20AD00263862 /* UINavigationItem+Margin.m in Sources */ = {isa = PBXBuildFile; fileRef = 1C0E2265191A20AD00263862 /* UINavigationItem+Margin.m */; };
		1C0E227C191A21B000263862 /* CFNetwork.framework in Frameworks */ = {isa = PBXBuildFile; fileRef = 1C0E227B191A21B000263862 /* CFNetwork.framework */; };
		1C0E227E191A21B300263862 /* AVFoundation.framework in Frameworks */ = {isa = PBXBuildFile; fileRef = 1C0E227D191A21B300263862 /* AVFoundation.framework */; };
		1C0E2280191A21B800263862 /* CoreLocation.framework in Frameworks */ = {isa = PBXBuildFile; fileRef = 1C0E227F191A21B800263862 /* CoreLocation.framework */; };
		1C0E2282191A21BE00263862 /* libz.1.2.5.dylib in Frameworks */ = {isa = PBXBuildFile; fileRef = 1C0E2281191A21BE00263862 /* libz.1.2.5.dylib */; };
		1C0E2284191A21CA00263862 /* MobileCoreServices.framework in Frameworks */ = {isa = PBXBuildFile; fileRef = 1C0E2283191A21C900263862 /* MobileCoreServices.framework */; };
		1C0E2286191A21D200263862 /* SystemConfiguration.framework in Frameworks */ = {isa = PBXBuildFile; fileRef = 1C0E2285191A21D200263862 /* SystemConfiguration.framework */; };
		1C0E2288191A21DD00263862 /* Security.framework in Frameworks */ = {isa = PBXBuildFile; fileRef = 1C0E2287191A21DD00263862 /* Security.framework */; };
		1C0E228B191A2DF000263862 /* LoginViewController.m in Sources */ = {isa = PBXBuildFile; fileRef = 1C0E228A191A2DF000263862 /* LoginViewController.m */; };
		1C13D7A8192FAC6200F2477F /* first.png in Resources */ = {isa = PBXBuildFile; fileRef = 1C13D7A7192FAC6200F2477F /* first.png */; };
		1C941891191CB77000E36E14 /* Default-568h@2x~iphone.png in Resources */ = {isa = PBXBuildFile; fileRef = 1C941879191CB77000E36E14 /* Default-568h@2x~iphone.png */; };
		1C941892191CB77000E36E14 /* Default-Landscape@2x~ipad.png in Resources */ = {isa = PBXBuildFile; fileRef = 1C94187A191CB77000E36E14 /* Default-Landscape@2x~ipad.png */; };
		1C941893191CB77000E36E14 /* Default-Landscape~ipad.png in Resources */ = {isa = PBXBuildFile; fileRef = 1C94187B191CB77000E36E14 /* Default-Landscape~ipad.png */; };
		1C941894191CB77000E36E14 /* Default-Portrait@2x~ipad.png in Resources */ = {isa = PBXBuildFile; fileRef = 1C94187C191CB77000E36E14 /* Default-Portrait@2x~ipad.png */; };
		1C941895191CB77000E36E14 /* Default-Portrait~ipad.png in Resources */ = {isa = PBXBuildFile; fileRef = 1C94187D191CB77000E36E14 /* Default-Portrait~ipad.png */; };
		1C941896191CB77000E36E14 /* Default@2x~iphone.png in Resources */ = {isa = PBXBuildFile; fileRef = 1C94187E191CB77000E36E14 /* Default@2x~iphone.png */; };
		1C941897191CB77000E36E14 /* Default~iphone.png in Resources */ = {isa = PBXBuildFile; fileRef = 1C94187F191CB77000E36E14 /* Default~iphone.png */; };
		1C941898191CB77000E36E14 /* Icon-60.png in Resources */ = {isa = PBXBuildFile; fileRef = 1C941880191CB77000E36E14 /* Icon-60.png */; };
		1C941899191CB77000E36E14 /* Icon-60@2x.png in Resources */ = {isa = PBXBuildFile; fileRef = 1C941881191CB77000E36E14 /* Icon-60@2x.png */; };
		1C94189A191CB77000E36E14 /* Icon-72.png in Resources */ = {isa = PBXBuildFile; fileRef = 1C941882191CB77000E36E14 /* Icon-72.png */; };
		1C94189B191CB77000E36E14 /* Icon-72@2x.png in Resources */ = {isa = PBXBuildFile; fileRef = 1C941883191CB77000E36E14 /* Icon-72@2x.png */; };
		1C94189C191CB77000E36E14 /* Icon-76.png in Resources */ = {isa = PBXBuildFile; fileRef = 1C941884191CB77000E36E14 /* Icon-76.png */; };
		1C94189D191CB77000E36E14 /* Icon-76@2x.png in Resources */ = {isa = PBXBuildFile; fileRef = 1C941885191CB77000E36E14 /* Icon-76@2x.png */; };
		1C94189E191CB77000E36E14 /* Icon-Small-50.png in Resources */ = {isa = PBXBuildFile; fileRef = 1C941886191CB77000E36E14 /* Icon-Small-50.png */; };
		1C94189F191CB77000E36E14 /* Icon-Small-50@2x.png in Resources */ = {isa = PBXBuildFile; fileRef = 1C941887191CB77000E36E14 /* Icon-Small-50@2x.png */; };
		1C9418A0191CB77000E36E14 /* Icon-Small.png in Resources */ = {isa = PBXBuildFile; fileRef = 1C941888191CB77000E36E14 /* Icon-Small.png */; };
		1C9418A1191CB77000E36E14 /* Icon-Small@2x.png in Resources */ = {isa = PBXBuildFile; fileRef = 1C941889191CB77000E36E14 /* Icon-Small@2x.png */; };
		1C9418A2191CB77000E36E14 /* Icon-Spotlight-40.png in Resources */ = {isa = PBXBuildFile; fileRef = 1C94188A191CB77000E36E14 /* Icon-Spotlight-40.png */; };
		1C9418A3191CB77000E36E14 /* Icon-Spotlight-40@2x.png in Resources */ = {isa = PBXBuildFile; fileRef = 1C94188B191CB77000E36E14 /* Icon-Spotlight-40@2x.png */; };
		1C9418A4191CB77000E36E14 /* Icon.png in Resources */ = {isa = PBXBuildFile; fileRef = 1C94188C191CB77000E36E14 /* Icon.png */; };
		1C9418A5191CB77000E36E14 /* Icon@2x.png in Resources */ = {isa = PBXBuildFile; fileRef = 1C94188D191CB77000E36E14 /* Icon@2x.png */; };
		1C9418A6191CB77000E36E14 /* iTunesArtwork in Resources */ = {isa = PBXBuildFile; fileRef = 1C94188E191CB77000E36E14 /* iTunesArtwork */; };
		1C9418A7191CB77000E36E14 /* iTunesArtwork@2x in Resources */ = {isa = PBXBuildFile; fileRef = 1C94188F191CB77000E36E14 /* iTunesArtwork@2x */; };
		1C9418AE191CC4A900E36E14 /* ProgressHUD.bundle in Resources */ = {isa = PBXBuildFile; fileRef = 1C9418AB191CC4A900E36E14 /* ProgressHUD.bundle */; };
		1C9418AF191CC4A900E36E14 /* ProgressHUD.m in Sources */ = {isa = PBXBuildFile; fileRef = 1C9418AD191CC4A900E36E14 /* ProgressHUD.m */; };
		1CE175CF1930E1BF004B8C06 /* pinyin.c in Sources */ = {isa = PBXBuildFile; fileRef = 1CE175CE1930E1BF004B8C06 /* pinyin.c */; };
		1CE175D21930E1F8004B8C06 /* NameIndex.m in Sources */ = {isa = PBXBuildFile; fileRef = 1CE175D11930E1F8004B8C06 /* NameIndex.m */; };
		1CE175DF1930E6C4004B8C06 /* ChineseToPinyinResource.m in Sources */ = {isa = PBXBuildFile; fileRef = 1CE175D51930E6C4004B8C06 /* ChineseToPinyinResource.m */; };
		1CE175E01930E6C4004B8C06 /* HanyuPinyinOutputFormat.m in Sources */ = {isa = PBXBuildFile; fileRef = 1CE175D71930E6C4004B8C06 /* HanyuPinyinOutputFormat.m */; };
		1CE175E11930E6C4004B8C06 /* NSString+PinYin4Cocoa.m in Sources */ = {isa = PBXBuildFile; fileRef = 1CE175D91930E6C4004B8C06 /* NSString+PinYin4Cocoa.m */; };
		1CE175E21930E6C4004B8C06 /* PinyinFormatter.m in Sources */ = {isa = PBXBuildFile; fileRef = 1CE175DC1930E6C4004B8C06 /* PinyinFormatter.m */; };
		1CE175E31930E6C4004B8C06 /* PinyinHelper.m in Sources */ = {isa = PBXBuildFile; fileRef = 1CE175DE1930E6C4004B8C06 /* PinyinHelper.m */; };
		1CE175E51930E6E3004B8C06 /* unicode_to_hanyu_pinyin.txt in Resources */ = {isa = PBXBuildFile; fileRef = 1CE175E41930E6E3004B8C06 /* unicode_to_hanyu_pinyin.txt */; };
		1CF08936191B1A9E000D9734 /* MMDrawerBarButtonItem.m in Sources */ = {isa = PBXBuildFile; fileRef = 1CF0892D191B1A9E000D9734 /* MMDrawerBarButtonItem.m */; };
		1CF08937191B1A9E000D9734 /* MMDrawerController.m in Sources */ = {isa = PBXBuildFile; fileRef = 1CF0892F191B1A9E000D9734 /* MMDrawerController.m */; };
		1CF08938191B1A9E000D9734 /* MMDrawerVisualState.m in Sources */ = {isa = PBXBuildFile; fileRef = 1CF08931191B1A9E000D9734 /* MMDrawerVisualState.m */; };
		1CF08939191B1A9E000D9734 /* MMExampleDrawerVisualStateManager.m in Sources */ = {isa = PBXBuildFile; fileRef = 1CF08933191B1A9E000D9734 /* MMExampleDrawerVisualStateManager.m */; };
		1CF0893A191B1A9E000D9734 /* UIViewController+MMDrawerController.m in Sources */ = {isa = PBXBuildFile; fileRef = 1CF08935191B1A9E000D9734 /* UIViewController+MMDrawerController.m */; };
		1CF0893D191B1BF1000D9734 /* LeftViewController.m in Sources */ = {isa = PBXBuildFile; fileRef = 1CF0893C191B1BF1000D9734 /* LeftViewController.m */; };
		1CF08942191B56F6000D9734 /* MyCell.m in Sources */ = {isa = PBXBuildFile; fileRef = 1CF08941191B56F6000D9734 /* MyCell.m */; };
		1CF08944191B5725000D9734 /* My_ipad.xib in Resources */ = {isa = PBXBuildFile; fileRef = 1CF08943191B5725000D9734 /* My_ipad.xib */; };
		1CF08946191B6279000D9734 /* My_iphone.xib in Resources */ = {isa = PBXBuildFile; fileRef = 1CF08945191B6279000D9734 /* My_iphone.xib */; };
		1CF08949191B8500000D9734 /* RegistViewController.m in Sources */ = {isa = PBXBuildFile; fileRef = 1CF08948191B8500000D9734 /* RegistViewController.m */; };
		1CF0A2DE1918B8070046E4B8 /* Foundation.framework in Frameworks */ = {isa = PBXBuildFile; fileRef = 1CF0A2DD1918B8070046E4B8 /* Foundation.framework */; };
		1CF0A2E01918B8070046E4B8 /* CoreGraphics.framework in Frameworks */ = {isa = PBXBuildFile; fileRef = 1CF0A2DF1918B8070046E4B8 /* CoreGraphics.framework */; };
		1CF0A2E21918B8070046E4B8 /* UIKit.framework in Frameworks */ = {isa = PBXBuildFile; fileRef = 1CF0A2E11918B8070046E4B8 /* UIKit.framework */; };
		1CF0A2E81918B8070046E4B8 /* InfoPlist.strings in Resources */ = {isa = PBXBuildFile; fileRef = 1CF0A2E61918B8070046E4B8 /* InfoPlist.strings */; };
		1CF0A2EA1918B8070046E4B8 /* main.m in Sources */ = {isa = PBXBuildFile; fileRef = 1CF0A2E91918B8070046E4B8 /* main.m */; };
		1CF0A2EE1918B8070046E4B8 /* AppDelegate.m in Sources */ = {isa = PBXBuildFile; fileRef = 1CF0A2ED1918B8070046E4B8 /* AppDelegate.m */; };
		1CF0A2F11918B8070046E4B8 /* Main_iPhone.storyboard in Resources */ = {isa = PBXBuildFile; fileRef = 1CF0A2EF1918B8070046E4B8 /* Main_iPhone.storyboard */; };
		1CF0A2F41918B8070046E4B8 /* Main_iPad.storyboard in Resources */ = {isa = PBXBuildFile; fileRef = 1CF0A2F21918B8070046E4B8 /* Main_iPad.storyboard */; };
		1CF0A2F71918B8070046E4B8 /* ViewController.m in Sources */ = {isa = PBXBuildFile; fileRef = 1CF0A2F61918B8070046E4B8 /* ViewController.m */; };
		1CF0A2F91918B8070046E4B8 /* Images.xcassets in Resources */ = {isa = PBXBuildFile; fileRef = 1CF0A2F81918B8070046E4B8 /* Images.xcassets */; };
		1CF0A3001918B8070046E4B8 /* XCTest.framework in Frameworks */ = {isa = PBXBuildFile; fileRef = 1CF0A2FF1918B8070046E4B8 /* XCTest.framework */; };
		1CF0A3011918B8070046E4B8 /* Foundation.framework in Frameworks */ = {isa = PBXBuildFile; fileRef = 1CF0A2DD1918B8070046E4B8 /* Foundation.framework */; };
		1CF0A3021918B8070046E4B8 /* UIKit.framework in Frameworks */ = {isa = PBXBuildFile; fileRef = 1CF0A2E11918B8070046E4B8 /* UIKit.framework */; };
		1CF0A30A1918B8070046E4B8 /* InfoPlist.strings in Resources */ = {isa = PBXBuildFile; fileRef = 1CF0A3081918B8070046E4B8 /* InfoPlist.strings */; };
		1CF0A30C1918B8070046E4B8 /* BaiduMapTestTests.m in Sources */ = {isa = PBXBuildFile; fileRef = 1CF0A30B1918B8070046E4B8 /* BaiduMapTestTests.m */; };
		1CFCD261192F898100234FEC /* guide_text.png in Resources */ = {isa = PBXBuildFile; fileRef = 1CFCD25D192F898100234FEC /* guide_text.png */; };
		1CFCD262192F898100234FEC /* location_point.png in Resources */ = {isa = PBXBuildFile; fileRef = 1CFCD25E192F898100234FEC /* location_point.png */; };
		1CFCD263192F898100234FEC /* location_point@2x.png in Resources */ = {isa = PBXBuildFile; fileRef = 1CFCD25F192F898100234FEC /* location_point@2x.png */; };
		1CFCD264192F898100234FEC /* nav.png in Resources */ = {isa = PBXBuildFile; fileRef = 1CFCD260192F898100234FEC /* nav.png */; };
		1CFCD26D192F8E9700234FEC /* btn_narrow_normal.png in Resources */ = {isa = PBXBuildFile; fileRef = 1CFCD269192F8E9700234FEC /* btn_narrow_normal.png */; };
		1CFCD26E192F8E9700234FEC /* btn_narrow_pressed.png in Resources */ = {isa = PBXBuildFile; fileRef = 1CFCD26A192F8E9700234FEC /* btn_narrow_pressed.png */; };
		1CFCD26F192F8E9700234FEC /* btn_zoom_normal.png in Resources */ = {isa = PBXBuildFile; fileRef = 1CFCD26B192F8E9700234FEC /* btn_zoom_normal.png */; };
		1CFCD270192F8E9700234FEC /* btn_zoom_pressed.png in Resources */ = {isa = PBXBuildFile; fileRef = 1CFCD26C192F8E9700234FEC /* btn_zoom_pressed.png */; };
		1CFCD275192FA0A800234FEC /* back.png in Resources */ = {isa = PBXBuildFile; fileRef = 1CFCD271192FA0A700234FEC /* back.png */; };
		1CFCD276192FA0A800234FEC /* login.png in Resources */ = {isa = PBXBuildFile; fileRef = 1CFCD272192FA0A700234FEC /* login.png */; };
		1CFCD277192FA0A800234FEC /* regist.png in Resources */ = {isa = PBXBuildFile; fileRef = 1CFCD273192FA0A700234FEC /* regist.png */; };
		1CFCD278192FA0A800234FEC /* set.png in Resources */ = {isa = PBXBuildFile; fileRef = 1CFCD274192FA0A700234FEC /* set.png */; };
/* End PBXBuildFile section */

/* Begin PBXContainerItemProxy section */
		1CF0A3031918B8070046E4B8 /* PBXContainerItemProxy */ = {
			isa = PBXContainerItemProxy;
			containerPortal = 1CF0A2D21918B8070046E4B8 /* Project object */;
			proxyType = 1;
			remoteGlobalIDString = 1CF0A2D91918B8070046E4B8;
			remoteInfo = BaiduMapTest;
		};
/* End PBXContainerItemProxy section */

/* Begin PBXFileReference section */
		1C0266761923761B0062C866 /* MMExampleSideDrawerViewController.h */ = {isa = PBXFileReference; fileEncoding = 4; lastKnownFileType = sourcecode.c.h; path = MMExampleSideDrawerViewController.h; sourceTree = "<group>"; };
		1C0266771923761B0062C866 /* MMExampleSideDrawerViewController.m */ = {isa = PBXFileReference; fileEncoding = 4; lastKnownFileType = sourcecode.c.objc; path = MMExampleSideDrawerViewController.m; sourceTree = "<group>"; };
		1C0A352419244DAD008CEEF8 /* MMTableViewCell.h */ = {isa = PBXFileReference; fileEncoding = 4; lastKnownFileType = sourcecode.c.h; path = MMTableViewCell.h; sourceTree = "<group>"; };
		1C0A352519244DAD008CEEF8 /* MMTableViewCell.m */ = {isa = PBXFileReference; fileEncoding = 4; lastKnownFileType = sourcecode.c.objc; path = MMTableViewCell.m; sourceTree = "<group>"; };
		1C0A352719244DD3008CEEF8 /* MMSideDrawerTableViewCell.h */ = {isa = PBXFileReference; fileEncoding = 4; lastKnownFileType = sourcecode.c.h; path = MMSideDrawerTableViewCell.h; sourceTree = "<group>"; };
		1C0A352819244DD3008CEEF8 /* MMSideDrawerTableViewCell.m */ = {isa = PBXFileReference; fileEncoding = 4; lastKnownFileType = sourcecode.c.objc; path = MMSideDrawerTableViewCell.m; sourceTree = "<group>"; };
		1C0A352A19244DF2008CEEF8 /* MMCenterTableViewCell.h */ = {isa = PBXFileReference; fileEncoding = 4; lastKnownFileType = sourcecode.c.h; path = MMCenterTableViewCell.h; sourceTree = "<group>"; };
		1C0A352B19244DF2008CEEF8 /* MMCenterTableViewCell.m */ = {isa = PBXFileReference; fileEncoding = 4; lastKnownFileType = sourcecode.c.objc; path = MMCenterTableViewCell.m; sourceTree = "<group>"; };
		1C0A352D19244E12008CEEF8 /* MMSideDrawerSectionHeaderView.h */ = {isa = PBXFileReference; fileEncoding = 4; lastKnownFileType = sourcecode.c.h; path = MMSideDrawerSectionHeaderView.h; sourceTree = "<group>"; };
		1C0A352E19244E12008CEEF8 /* MMSideDrawerSectionHeaderView.m */ = {isa = PBXFileReference; fileEncoding = 4; lastKnownFileType = sourcecode.c.objc; path = MMSideDrawerSectionHeaderView.m; sourceTree = "<group>"; };
		1C0A35301924AF00008CEEF8 /* MMLogoView.h */ = {isa = PBXFileReference; fileEncoding = 4; lastKnownFileType = sourcecode.c.h; path = MMLogoView.h; sourceTree = "<group>"; };
		1C0A35311924AF00008CEEF8 /* MMLogoView.m */ = {isa = PBXFileReference; fileEncoding = 4; lastKnownFileType = sourcecode.c.objc; path = MMLogoView.m; sourceTree = "<group>"; };
		1C0E21E1191A161700263862 /* AgentCountQueryService.h */ = {isa = PBXFileReference; fileEncoding = 4; lastKnownFileType = sourcecode.c.h; name = AgentCountQueryService.h; path = ../AgentCountQueryService.h; sourceTree = "<group>"; };
		1C0E21E2191A161700263862 /* AgentCountQueryService.m */ = {isa = PBXFileReference; fileEncoding = 4; lastKnownFileType = sourcecode.c.objc; name = AgentCountQueryService.m; path = ../AgentCountQueryService.m; sourceTree = "<group>"; };
		1C0E21E3191A161700263862 /* CommonUtils.h */ = {isa = PBXFileReference; fileEncoding = 4; lastKnownFileType = sourcecode.c.h; name = CommonUtils.h; path = ../CommonUtils.h; sourceTree = "<group>"; };
		1C0E21E4191A161700263862 /* CommonUtils.m */ = {isa = PBXFileReference; fileEncoding = 4; lastKnownFileType = sourcecode.c.objc; name = CommonUtils.m; path = ../CommonUtils.m; sourceTree = "<group>"; };
		1C0E2202191A161700263862 /* MapPoint.h */ = {isa = PBXFileReference; fileEncoding = 4; lastKnownFileType = sourcecode.c.h; name = MapPoint.h; path = ../MapPoint.h; sourceTree = "<group>"; };
		1C0E2203191A161700263862 /* MapPoint.m */ = {isa = PBXFileReference; fileEncoding = 4; lastKnownFileType = sourcecode.c.objc; name = MapPoint.m; path = ../MapPoint.m; sourceTree = "<group>"; };
		1C0E2204191A161700263862 /* MJGeocoder.h */ = {isa = PBXFileReference; fileEncoding = 4; lastKnownFileType = sourcecode.c.h; name = MJGeocoder.h; path = ../MJGeocoder.h; sourceTree = "<group>"; };
		1C0E2205191A161700263862 /* MJGeocoder.m */ = {isa = PBXFileReference; fileEncoding = 4; lastKnownFileType = sourcecode.c.objc; name = MJGeocoder.m; path = ../MJGeocoder.m; sourceTree = "<group>"; };
		1C0E2206191A161700263862 /* PlaceLocation.h */ = {isa = PBXFileReference; fileEncoding = 4; lastKnownFileType = sourcecode.c.h; name = PlaceLocation.h; path = ../PlaceLocation.h; sourceTree = "<group>"; };
		1C0E2207191A161700263862 /* PlaceLocation.m */ = {isa = PBXFileReference; fileEncoding = 4; lastKnownFileType = sourcecode.c.objc; name = PlaceLocation.m; path = ../PlaceLocation.m; sourceTree = "<group>"; };
		1C0E2209191A161700263862 /* KMLParser.h */ = {isa = PBXFileReference; fileEncoding = 4; lastKnownFileType = sourcecode.c.h; path = KMLParser.h; sourceTree = "<group>"; };
		1C0E220A191A161700263862 /* KMLParser.m */ = {isa = PBXFileReference; fileEncoding = 4; lastKnownFileType = sourcecode.c.objc; path = KMLParser.m; sourceTree = "<group>"; };
		1C0E220B191A161700263862 /* RouteSearch.h */ = {isa = PBXFileReference; fileEncoding = 4; lastKnownFileType = sourcecode.c.h; path = RouteSearch.h; sourceTree = "<group>"; };
		1C0E220C191A161700263862 /* RouteSearch.m */ = {isa = PBXFileReference; fileEncoding = 4; lastKnownFileType = sourcecode.c.objc; path = RouteSearch.m; sourceTree = "<group>"; };
		1C0E2221191A164F00263862 /* libxml2.2.dylib */ = {isa = PBXFileReference; lastKnownFileType = "compiled.mach-o.dylib"; name = libxml2.2.dylib; path = usr/lib/libxml2.2.dylib; sourceTree = SDKROOT; };
		1C0E2223191A165300263862 /* CoreText.framework */ = {isa = PBXFileReference; lastKnownFileType = wrapper.framework; name = CoreText.framework; path = System/Library/Frameworks/CoreText.framework; sourceTree = SDKROOT; };
		1C0E2225191A165800263862 /* MapKit.framework */ = {isa = PBXFileReference; lastKnownFileType = wrapper.framework; name = MapKit.framework; path = System/Library/Frameworks/MapKit.framework; sourceTree = SDKROOT; };
		1C0E2227191A165C00263862 /* QuartzCore.framework */ = {isa = PBXFileReference; lastKnownFileType = wrapper.framework; name = QuartzCore.framework; path = System/Library/Frameworks/QuartzCore.framework; sourceTree = SDKROOT; };
		1C0E2229191A1C1200263862 /* MapAddress.h */ = {isa = PBXFileReference; fileEncoding = 4; lastKnownFileType = sourcecode.c.h; name = MapAddress.h; path = ../BaiduMapTest/MapAddress.h; sourceTree = "<group>"; };
		1C0E222A191A1C1200263862 /* MapAddress.m */ = {isa = PBXFileReference; fileEncoding = 4; lastKnownFileType = sourcecode.c.objc; name = MapAddress.m; path = ../BaiduMapTest/MapAddress.m; sourceTree = "<group>"; };
		1C0E222E191A20AD00263862 /* ASIAuthenticationDialog.h */ = {isa = PBXFileReference; fileEncoding = 4; lastKnownFileType = sourcecode.c.h; path = ASIAuthenticationDialog.h; sourceTree = "<group>"; };
		1C0E222F191A20AD00263862 /* ASIAuthenticationDialog.m */ = {isa = PBXFileReference; fileEncoding = 4; lastKnownFileType = sourcecode.c.objc; path = ASIAuthenticationDialog.m; sourceTree = "<group>"; };
		1C0E2230191A20AD00263862 /* ASICacheDelegate.h */ = {isa = PBXFileReference; fileEncoding = 4; lastKnownFileType = sourcecode.c.h; path = ASICacheDelegate.h; sourceTree = "<group>"; };
		1C0E2231191A20AD00263862 /* ASIDataCompressor.h */ = {isa = PBXFileReference; fileEncoding = 4; lastKnownFileType = sourcecode.c.h; path = ASIDataCompressor.h; sourceTree = "<group>"; };
		1C0E2232191A20AD00263862 /* ASIDataCompressor.m */ = {isa = PBXFileReference; fileEncoding = 4; lastKnownFileType = sourcecode.c.objc; path = ASIDataCompressor.m; sourceTree = "<group>"; };
		1C0E2233191A20AD00263862 /* ASIDataDecompressor.h */ = {isa = PBXFileReference; fileEncoding = 4; lastKnownFileType = sourcecode.c.h; path = ASIDataDecompressor.h; sourceTree = "<group>"; };
		1C0E2234191A20AD00263862 /* ASIDataDecompressor.m */ = {isa = PBXFileReference; fileEncoding = 4; lastKnownFileType = sourcecode.c.objc; path = ASIDataDecompressor.m; sourceTree = "<group>"; };
		1C0E2235191A20AD00263862 /* ASIDownloadCache.h */ = {isa = PBXFileReference; fileEncoding = 4; lastKnownFileType = sourcecode.c.h; path = ASIDownloadCache.h; sourceTree = "<group>"; };
		1C0E2236191A20AD00263862 /* ASIDownloadCache.m */ = {isa = PBXFileReference; fileEncoding = 4; lastKnownFileType = sourcecode.c.objc; path = ASIDownloadCache.m; sourceTree = "<group>"; };
		1C0E2237191A20AD00263862 /* ASIFormDataRequest.h */ = {isa = PBXFileReference; fileEncoding = 4; lastKnownFileType = sourcecode.c.h; path = ASIFormDataRequest.h; sourceTree = "<group>"; };
		1C0E2238191A20AD00263862 /* ASIFormDataRequest.m */ = {isa = PBXFileReference; fileEncoding = 4; lastKnownFileType = sourcecode.c.objc; path = ASIFormDataRequest.m; sourceTree = "<group>"; };
		1C0E2239191A20AD00263862 /* ASIHTTPRequest.h */ = {isa = PBXFileReference; fileEncoding = 4; lastKnownFileType = sourcecode.c.h; path = ASIHTTPRequest.h; sourceTree = "<group>"; };
		1C0E223A191A20AD00263862 /* ASIHTTPRequest.m */ = {isa = PBXFileReference; fileEncoding = 4; lastKnownFileType = sourcecode.c.objc; path = ASIHTTPRequest.m; sourceTree = "<group>"; };
		1C0E223B191A20AD00263862 /* ASIHTTPRequestConfig.h */ = {isa = PBXFileReference; fileEncoding = 4; lastKnownFileType = sourcecode.c.h; path = ASIHTTPRequestConfig.h; sourceTree = "<group>"; };
		1C0E223C191A20AD00263862 /* ASIHTTPRequestDelegate.h */ = {isa = PBXFileReference; fileEncoding = 4; lastKnownFileType = sourcecode.c.h; path = ASIHTTPRequestDelegate.h; sourceTree = "<group>"; };
		1C0E223D191A20AD00263862 /* ASIInputStream.h */ = {isa = PBXFileReference; fileEncoding = 4; lastKnownFileType = sourcecode.c.h; path = ASIInputStream.h; sourceTree = "<group>"; };
		1C0E223E191A20AD00263862 /* ASIInputStream.m */ = {isa = PBXFileReference; fileEncoding = 4; lastKnownFileType = sourcecode.c.objc; path = ASIInputStream.m; sourceTree = "<group>"; };
		1C0E223F191A20AD00263862 /* ASINetworkQueue.h */ = {isa = PBXFileReference; fileEncoding = 4; lastKnownFileType = sourcecode.c.h; path = ASINetworkQueue.h; sourceTree = "<group>"; };
		1C0E2240191A20AD00263862 /* ASINetworkQueue.m */ = {isa = PBXFileReference; fileEncoding = 4; lastKnownFileType = sourcecode.c.objc; path = ASINetworkQueue.m; sourceTree = "<group>"; };
		1C0E2241191A20AD00263862 /* ASIProgressDelegate.h */ = {isa = PBXFileReference; fileEncoding = 4; lastKnownFileType = sourcecode.c.h; path = ASIProgressDelegate.h; sourceTree = "<group>"; };
		1C0E2242191A20AD00263862 /* Reachability.h */ = {isa = PBXFileReference; fileEncoding = 4; lastKnownFileType = sourcecode.c.h; path = Reachability.h; sourceTree = "<group>"; };
		1C0E2243191A20AD00263862 /* Reachability.m */ = {isa = PBXFileReference; fileEncoding = 4; lastKnownFileType = sourcecode.c.objc; path = Reachability.m; sourceTree = "<group>"; };
		1C0E2245191A20AD00263862 /* BlockUI.h */ = {isa = PBXFileReference; fileEncoding = 4; lastKnownFileType = sourcecode.c.h; path = BlockUI.h; sourceTree = "<group>"; };
		1C0E2246191A20AD00263862 /* BUIControl.h */ = {isa = PBXFileReference; fileEncoding = 4; lastKnownFileType = sourcecode.c.h; path = BUIControl.h; sourceTree = "<group>"; };
		1C0E2247191A20AD00263862 /* BUIControl.m */ = {isa = PBXFileReference; fileEncoding = 4; lastKnownFileType = sourcecode.c.objc; path = BUIControl.m; sourceTree = "<group>"; };
		1C0E2248191A20AD00263862 /* BUIView.h */ = {isa = PBXFileReference; fileEncoding = 4; lastKnownFileType = sourcecode.c.h; path = BUIView.h; sourceTree = "<group>"; };
		1C0E2249191A20AD00263862 /* BUIView.m */ = {isa = PBXFileReference; fileEncoding = 4; lastKnownFileType = sourcecode.c.objc; path = BUIView.m; sourceTree = "<group>"; };
		1C0E224A191A20AD00263862 /* ZXObject.h */ = {isa = PBXFileReference; fileEncoding = 4; lastKnownFileType = sourcecode.c.h; path = ZXObject.h; sourceTree = "<group>"; };
		1C0E224B191A20AD00263862 /* ZXObject.m */ = {isa = PBXFileReference; fileEncoding = 4; lastKnownFileType = sourcecode.c.objc; path = ZXObject.m; sourceTree = "<group>"; };
		1C0E224D191A20AD00263862 /* QCheckBox.h */ = {isa = PBXFileReference; fileEncoding = 4; lastKnownFileType = sourcecode.c.h; path = QCheckBox.h; sourceTree = "<group>"; };
		1C0E224E191A20AD00263862 /* QCheckBox.m */ = {isa = PBXFileReference; fileEncoding = 4; lastKnownFileType = sourcecode.c.objc; path = QCheckBox.m; sourceTree = "<group>"; };
		1C0E2253191A20AD00263862 /* RegularExpression.h */ = {isa = PBXFileReference; fileEncoding = 4; lastKnownFileType = sourcecode.c.h; path = RegularExpression.h; sourceTree = "<group>"; };
		1C0E2254191A20AD00263862 /* RegularExpression.m */ = {isa = PBXFileReference; fileEncoding = 4; lastKnownFileType = sourcecode.c.objc; path = RegularExpression.m; sourceTree = "<group>"; };
		1C0E2256191A20AD00263862 /* JSON.h */ = {isa = PBXFileReference; fileEncoding = 4; lastKnownFileType = sourcecode.c.h; path = JSON.h; sourceTree = "<group>"; };
		1C0E2257191A20AD00263862 /* NSObject+SBJSON.h */ = {isa = PBXFileReference; fileEncoding = 4; lastKnownFileType = sourcecode.c.h; path = "NSObject+SBJSON.h"; sourceTree = "<group>"; };
		1C0E2258191A20AD00263862 /* NSObject+SBJSON.m */ = {isa = PBXFileReference; fileEncoding = 4; lastKnownFileType = sourcecode.c.objc; path = "NSObject+SBJSON.m"; sourceTree = "<group>"; };
		1C0E2259191A20AD00263862 /* NSString+SBJSON.h */ = {isa = PBXFileReference; fileEncoding = 4; lastKnownFileType = sourcecode.c.h; path = "NSString+SBJSON.h"; sourceTree = "<group>"; };
		1C0E225A191A20AD00263862 /* NSString+SBJSON.m */ = {isa = PBXFileReference; fileEncoding = 4; lastKnownFileType = sourcecode.c.objc; path = "NSString+SBJSON.m"; sourceTree = "<group>"; };
		1C0E225B191A20AD00263862 /* SBJSON.h */ = {isa = PBXFileReference; fileEncoding = 4; lastKnownFileType = sourcecode.c.h; path = SBJSON.h; sourceTree = "<group>"; };
		1C0E225C191A20AD00263862 /* SBJSON.m */ = {isa = PBXFileReference; fileEncoding = 4; lastKnownFileType = sourcecode.c.objc; path = SBJSON.m; sourceTree = "<group>"; };
		1C0E225D191A20AD00263862 /* SBJsonBase.h */ = {isa = PBXFileReference; fileEncoding = 4; lastKnownFileType = sourcecode.c.h; path = SBJsonBase.h; sourceTree = "<group>"; };
		1C0E225E191A20AD00263862 /* SBJsonBase.m */ = {isa = PBXFileReference; fileEncoding = 4; lastKnownFileType = sourcecode.c.objc; path = SBJsonBase.m; sourceTree = "<group>"; };
		1C0E225F191A20AD00263862 /* SBJsonParser.h */ = {isa = PBXFileReference; fileEncoding = 4; lastKnownFileType = sourcecode.c.h; path = SBJsonParser.h; sourceTree = "<group>"; };
		1C0E2260191A20AD00263862 /* SBJsonParser.m */ = {isa = PBXFileReference; fileEncoding = 4; lastKnownFileType = sourcecode.c.objc; path = SBJsonParser.m; sourceTree = "<group>"; };
		1C0E2261191A20AD00263862 /* SBJsonWriter.h */ = {isa = PBXFileReference; fileEncoding = 4; lastKnownFileType = sourcecode.c.h; path = SBJsonWriter.h; sourceTree = "<group>"; };
		1C0E2262191A20AD00263862 /* SBJsonWriter.m */ = {isa = PBXFileReference; fileEncoding = 4; lastKnownFileType = sourcecode.c.objc; path = SBJsonWriter.m; sourceTree = "<group>"; };
		1C0E2264191A20AD00263862 /* UINavigationItem+Margin.h */ = {isa = PBXFileReference; fileEncoding = 4; lastKnownFileType = sourcecode.c.h; path = "UINavigationItem+Margin.h"; sourceTree = "<group>"; };
		1C0E2265191A20AD00263862 /* UINavigationItem+Margin.m */ = {isa = PBXFileReference; fileEncoding = 4; lastKnownFileType = sourcecode.c.objc; path = "UINavigationItem+Margin.m"; sourceTree = "<group>"; };
		1C0E227B191A21B000263862 /* CFNetwork.framework */ = {isa = PBXFileReference; lastKnownFileType = wrapper.framework; name = CFNetwork.framework; path = System/Library/Frameworks/CFNetwork.framework; sourceTree = SDKROOT; };
		1C0E227D191A21B300263862 /* AVFoundation.framework */ = {isa = PBXFileReference; lastKnownFileType = wrapper.framework; name = AVFoundation.framework; path = System/Library/Frameworks/AVFoundation.framework; sourceTree = SDKROOT; };
		1C0E227F191A21B800263862 /* CoreLocation.framework */ = {isa = PBXFileReference; lastKnownFileType = wrapper.framework; name = CoreLocation.framework; path = System/Library/Frameworks/CoreLocation.framework; sourceTree = SDKROOT; };
		1C0E2281191A21BE00263862 /* libz.1.2.5.dylib */ = {isa = PBXFileReference; lastKnownFileType = "compiled.mach-o.dylib"; name = libz.1.2.5.dylib; path = usr/lib/libz.1.2.5.dylib; sourceTree = SDKROOT; };
		1C0E2283191A21C900263862 /* MobileCoreServices.framework */ = {isa = PBXFileReference; lastKnownFileType = wrapper.framework; name = MobileCoreServices.framework; path = System/Library/Frameworks/MobileCoreServices.framework; sourceTree = SDKROOT; };
		1C0E2285191A21D200263862 /* SystemConfiguration.framework */ = {isa = PBXFileReference; lastKnownFileType = wrapper.framework; name = SystemConfiguration.framework; path = System/Library/Frameworks/SystemConfiguration.framework; sourceTree = SDKROOT; };
		1C0E2287191A21DD00263862 /* Security.framework */ = {isa = PBXFileReference; lastKnownFileType = wrapper.framework; name = Security.framework; path = System/Library/Frameworks/Security.framework; sourceTree = SDKROOT; };
		1C0E2289191A2DF000263862 /* LoginViewController.h */ = {isa = PBXFileReference; fileEncoding = 4; lastKnownFileType = sourcecode.c.h; path = LoginViewController.h; sourceTree = "<group>"; };
		1C0E228A191A2DF000263862 /* LoginViewController.m */ = {isa = PBXFileReference; fileEncoding = 4; lastKnownFileType = sourcecode.c.objc; path = LoginViewController.m; sourceTree = "<group>"; };
		1C0E228D191A3D3C00263862 /* config.h */ = {isa = PBXFileReference; fileEncoding = 4; lastKnownFileType = sourcecode.c.h; name = config.h; path = ../config.h; sourceTree = "<group>"; };
		1C13D7A7192FAC6200F2477F /* first.png */ = {isa = PBXFileReference; lastKnownFileType = image.png; path = first.png; sourceTree = "<group>"; };
		1C941879191CB77000E36E14 /* Default-568h@2x~iphone.png */ = {isa = PBXFileReference; lastKnownFileType = image.png; path = "Default-568h@2x~iphone.png"; sourceTree = "<group>"; };
		1C94187A191CB77000E36E14 /* Default-Landscape@2x~ipad.png */ = {isa = PBXFileReference; lastKnownFileType = image.png; path = "Default-Landscape@2x~ipad.png"; sourceTree = "<group>"; };
		1C94187B191CB77000E36E14 /* Default-Landscape~ipad.png */ = {isa = PBXFileReference; lastKnownFileType = image.png; path = "Default-Landscape~ipad.png"; sourceTree = "<group>"; };
		1C94187C191CB77000E36E14 /* Default-Portrait@2x~ipad.png */ = {isa = PBXFileReference; lastKnownFileType = image.png; path = "Default-Portrait@2x~ipad.png"; sourceTree = "<group>"; };
		1C94187D191CB77000E36E14 /* Default-Portrait~ipad.png */ = {isa = PBXFileReference; lastKnownFileType = image.png; path = "Default-Portrait~ipad.png"; sourceTree = "<group>"; };
		1C94187E191CB77000E36E14 /* Default@2x~iphone.png */ = {isa = PBXFileReference; lastKnownFileType = image.png; path = "Default@2x~iphone.png"; sourceTree = "<group>"; };
		1C94187F191CB77000E36E14 /* Default~iphone.png */ = {isa = PBXFileReference; lastKnownFileType = image.png; path = "Default~iphone.png"; sourceTree = "<group>"; };
		1C941880191CB77000E36E14 /* Icon-60.png */ = {isa = PBXFileReference; lastKnownFileType = image.png; path = "Icon-60.png"; sourceTree = "<group>"; };
		1C941881191CB77000E36E14 /* Icon-60@2x.png */ = {isa = PBXFileReference; lastKnownFileType = image.png; path = "Icon-60@2x.png"; sourceTree = "<group>"; };
		1C941882191CB77000E36E14 /* Icon-72.png */ = {isa = PBXFileReference; lastKnownFileType = image.png; path = "Icon-72.png"; sourceTree = "<group>"; };
		1C941883191CB77000E36E14 /* Icon-72@2x.png */ = {isa = PBXFileReference; lastKnownFileType = image.png; path = "Icon-72@2x.png"; sourceTree = "<group>"; };
		1C941884191CB77000E36E14 /* Icon-76.png */ = {isa = PBXFileReference; lastKnownFileType = image.png; path = "Icon-76.png"; sourceTree = "<group>"; };
		1C941885191CB77000E36E14 /* Icon-76@2x.png */ = {isa = PBXFileReference; lastKnownFileType = image.png; path = "Icon-76@2x.png"; sourceTree = "<group>"; };
		1C941886191CB77000E36E14 /* Icon-Small-50.png */ = {isa = PBXFileReference; lastKnownFileType = image.png; path = "Icon-Small-50.png"; sourceTree = "<group>"; };
		1C941887191CB77000E36E14 /* Icon-Small-50@2x.png */ = {isa = PBXFileReference; lastKnownFileType = image.png; path = "Icon-Small-50@2x.png"; sourceTree = "<group>"; };
		1C941888191CB77000E36E14 /* Icon-Small.png */ = {isa = PBXFileReference; lastKnownFileType = image.png; path = "Icon-Small.png"; sourceTree = "<group>"; };
		1C941889191CB77000E36E14 /* Icon-Small@2x.png */ = {isa = PBXFileReference; lastKnownFileType = image.png; path = "Icon-Small@2x.png"; sourceTree = "<group>"; };
		1C94188A191CB77000E36E14 /* Icon-Spotlight-40.png */ = {isa = PBXFileReference; lastKnownFileType = image.png; path = "Icon-Spotlight-40.png"; sourceTree = "<group>"; };
		1C94188B191CB77000E36E14 /* Icon-Spotlight-40@2x.png */ = {isa = PBXFileReference; lastKnownFileType = image.png; path = "Icon-Spotlight-40@2x.png"; sourceTree = "<group>"; };
		1C94188C191CB77000E36E14 /* Icon.png */ = {isa = PBXFileReference; lastKnownFileType = image.png; path = Icon.png; sourceTree = "<group>"; };
		1C94188D191CB77000E36E14 /* Icon@2x.png */ = {isa = PBXFileReference; lastKnownFileType = image.png; path = "Icon@2x.png"; sourceTree = "<group>"; };
		1C94188E191CB77000E36E14 /* iTunesArtwork */ = {isa = PBXFileReference; lastKnownFileType = file; path = iTunesArtwork; sourceTree = "<group>"; };
		1C94188F191CB77000E36E14 /* iTunesArtwork@2x */ = {isa = PBXFileReference; lastKnownFileType = file; path = "iTunesArtwork@2x"; sourceTree = "<group>"; };
		1C9418AB191CC4A900E36E14 /* ProgressHUD.bundle */ = {isa = PBXFileReference; lastKnownFileType = "wrapper.plug-in"; path = ProgressHUD.bundle; sourceTree = "<group>"; };
		1C9418AC191CC4A900E36E14 /* ProgressHUD.h */ = {isa = PBXFileReference; fileEncoding = 4; lastKnownFileType = sourcecode.c.h; path = ProgressHUD.h; sourceTree = "<group>"; };
		1C9418AD191CC4A900E36E14 /* ProgressHUD.m */ = {isa = PBXFileReference; fileEncoding = 4; lastKnownFileType = sourcecode.c.objc; path = ProgressHUD.m; sourceTree = "<group>"; };
		1CE175CD1930E1A6004B8C06 /* pinyin.h */ = {isa = PBXFileReference; lastKnownFileType = sourcecode.c.h; path = pinyin.h; sourceTree = "<group>"; };
		1CE175CE1930E1BF004B8C06 /* pinyin.c */ = {isa = PBXFileReference; fileEncoding = 4; lastKnownFileType = sourcecode.c.c; path = pinyin.c; sourceTree = "<group>"; };
		1CE175D01930E1F8004B8C06 /* NameIndex.h */ = {isa = PBXFileReference; fileEncoding = 4; lastKnownFileType = sourcecode.c.h; path = NameIndex.h; sourceTree = "<group>"; };
		1CE175D11930E1F8004B8C06 /* NameIndex.m */ = {isa = PBXFileReference; fileEncoding = 4; lastKnownFileType = sourcecode.c.objc; path = NameIndex.m; sourceTree = "<group>"; };
		1CE175D41930E6C4004B8C06 /* ChineseToPinyinResource.h */ = {isa = PBXFileReference; fileEncoding = 4; lastKnownFileType = sourcecode.c.h; path = ChineseToPinyinResource.h; sourceTree = "<group>"; };
		1CE175D51930E6C4004B8C06 /* ChineseToPinyinResource.m */ = {isa = PBXFileReference; fileEncoding = 4; lastKnownFileType = sourcecode.c.objc; path = ChineseToPinyinResource.m; sourceTree = "<group>"; };
		1CE175D61930E6C4004B8C06 /* HanyuPinyinOutputFormat.h */ = {isa = PBXFileReference; fileEncoding = 4; lastKnownFileType = sourcecode.c.h; path = HanyuPinyinOutputFormat.h; sourceTree = "<group>"; };
		1CE175D71930E6C4004B8C06 /* HanyuPinyinOutputFormat.m */ = {isa = PBXFileReference; fileEncoding = 4; lastKnownFileType = sourcecode.c.objc; path = HanyuPinyinOutputFormat.m; sourceTree = "<group>"; };
		1CE175D81930E6C4004B8C06 /* NSString+PinYin4Cocoa.h */ = {isa = PBXFileReference; fileEncoding = 4; lastKnownFileType = sourcecode.c.h; path = "NSString+PinYin4Cocoa.h"; sourceTree = "<group>"; };
		1CE175D91930E6C4004B8C06 /* NSString+PinYin4Cocoa.m */ = {isa = PBXFileReference; fileEncoding = 4; lastKnownFileType = sourcecode.c.objc; path = "NSString+PinYin4Cocoa.m"; sourceTree = "<group>"; };
		1CE175DB1930E6C4004B8C06 /* PinyinFormatter.h */ = {isa = PBXFileReference; fileEncoding = 4; lastKnownFileType = sourcecode.c.h; path = PinyinFormatter.h; sourceTree = "<group>"; };
		1CE175DC1930E6C4004B8C06 /* PinyinFormatter.m */ = {isa = PBXFileReference; fileEncoding = 4; lastKnownFileType = sourcecode.c.objc; path = PinyinFormatter.m; sourceTree = "<group>"; };
		1CE175DD1930E6C4004B8C06 /* PinyinHelper.h */ = {isa = PBXFileReference; fileEncoding = 4; lastKnownFileType = sourcecode.c.h; path = PinyinHelper.h; sourceTree = "<group>"; };
		1CE175DE1930E6C4004B8C06 /* PinyinHelper.m */ = {isa = PBXFileReference; fileEncoding = 4; lastKnownFileType = sourcecode.c.objc; path = PinyinHelper.m; sourceTree = "<group>"; };
		1CE175E41930E6E3004B8C06 /* unicode_to_hanyu_pinyin.txt */ = {isa = PBXFileReference; fileEncoding = 4; lastKnownFileType = text; path = unicode_to_hanyu_pinyin.txt; sourceTree = "<group>"; };
		1CE175E61930E9AC004B8C06 /* PinYin4Objc.h */ = {isa = PBXFileReference; lastKnownFileType = sourcecode.c.h; path = PinYin4Objc.h; sourceTree = "<group>"; };
		1CF0892C191B1A9E000D9734 /* MMDrawerBarButtonItem.h */ = {isa = PBXFileReference; fileEncoding = 4; lastKnownFileType = sourcecode.c.h; path = MMDrawerBarButtonItem.h; sourceTree = "<group>"; };
		1CF0892D191B1A9E000D9734 /* MMDrawerBarButtonItem.m */ = {isa = PBXFileReference; fileEncoding = 4; lastKnownFileType = sourcecode.c.objc; path = MMDrawerBarButtonItem.m; sourceTree = "<group>"; };
		1CF0892E191B1A9E000D9734 /* MMDrawerController.h */ = {isa = PBXFileReference; fileEncoding = 4; lastKnownFileType = sourcecode.c.h; path = MMDrawerController.h; sourceTree = "<group>"; };
		1CF0892F191B1A9E000D9734 /* MMDrawerController.m */ = {isa = PBXFileReference; fileEncoding = 4; lastKnownFileType = sourcecode.c.objc; path = MMDrawerController.m; sourceTree = "<group>"; };
		1CF08930191B1A9E000D9734 /* MMDrawerVisualState.h */ = {isa = PBXFileReference; fileEncoding = 4; lastKnownFileType = sourcecode.c.h; path = MMDrawerVisualState.h; sourceTree = "<group>"; };
		1CF08931191B1A9E000D9734 /* MMDrawerVisualState.m */ = {isa = PBXFileReference; fileEncoding = 4; lastKnownFileType = sourcecode.c.objc; path = MMDrawerVisualState.m; sourceTree = "<group>"; };
		1CF08932191B1A9E000D9734 /* MMExampleDrawerVisualStateManager.h */ = {isa = PBXFileReference; fileEncoding = 4; lastKnownFileType = sourcecode.c.h; path = MMExampleDrawerVisualStateManager.h; sourceTree = "<group>"; };
		1CF08933191B1A9E000D9734 /* MMExampleDrawerVisualStateManager.m */ = {isa = PBXFileReference; fileEncoding = 4; lastKnownFileType = sourcecode.c.objc; path = MMExampleDrawerVisualStateManager.m; sourceTree = "<group>"; };
		1CF08934191B1A9E000D9734 /* UIViewController+MMDrawerController.h */ = {isa = PBXFileReference; fileEncoding = 4; lastKnownFileType = sourcecode.c.h; path = "UIViewController+MMDrawerController.h"; sourceTree = "<group>"; };
		1CF08935191B1A9E000D9734 /* UIViewController+MMDrawerController.m */ = {isa = PBXFileReference; fileEncoding = 4; lastKnownFileType = sourcecode.c.objc; path = "UIViewController+MMDrawerController.m"; sourceTree = "<group>"; };
		1CF0893B191B1BF1000D9734 /* LeftViewController.h */ = {isa = PBXFileReference; fileEncoding = 4; lastKnownFileType = sourcecode.c.h; path = LeftViewController.h; sourceTree = "<group>"; };
		1CF0893C191B1BF1000D9734 /* LeftViewController.m */ = {isa = PBXFileReference; fileEncoding = 4; lastKnownFileType = sourcecode.c.objc; path = LeftViewController.m; sourceTree = "<group>"; };
		1CF08940191B56F6000D9734 /* MyCell.h */ = {isa = PBXFileReference; fileEncoding = 4; lastKnownFileType = sourcecode.c.h; name = MyCell.h; path = ../BaiduMapTest/MyCell.h; sourceTree = "<group>"; };
		1CF08941191B56F6000D9734 /* MyCell.m */ = {isa = PBXFileReference; fileEncoding = 4; lastKnownFileType = sourcecode.c.objc; name = MyCell.m; path = ../BaiduMapTest/MyCell.m; sourceTree = "<group>"; };
		1CF08943191B5725000D9734 /* My_ipad.xib */ = {isa = PBXFileReference; fileEncoding = 4; lastKnownFileType = file.xib; name = My_ipad.xib; path = ../BaiduMapTest/My_ipad.xib; sourceTree = "<group>"; };
		1CF08945191B6279000D9734 /* My_iphone.xib */ = {isa = PBXFileReference; fileEncoding = 4; lastKnownFileType = file.xib; name = My_iphone.xib; path = ../BaiduMapTest/My_iphone.xib; sourceTree = "<group>"; };
		1CF08947191B8500000D9734 /* RegistViewController.h */ = {isa = PBXFileReference; fileEncoding = 4; lastKnownFileType = sourcecode.c.h; path = RegistViewController.h; sourceTree = "<group>"; };
		1CF08948191B8500000D9734 /* RegistViewController.m */ = {isa = PBXFileReference; fileEncoding = 4; lastKnownFileType = sourcecode.c.objc; path = RegistViewController.m; sourceTree = "<group>"; };
		1CF0A2DA1918B8070046E4B8 /* BaiduMapTest.app */ = {isa = PBXFileReference; explicitFileType = wrapper.application; includeInIndex = 0; path = BaiduMapTest.app; sourceTree = BUILT_PRODUCTS_DIR; };
		1CF0A2DD1918B8070046E4B8 /* Foundation.framework */ = {isa = PBXFileReference; lastKnownFileType = wrapper.framework; name = Foundation.framework; path = System/Library/Frameworks/Foundation.framework; sourceTree = SDKROOT; };
		1CF0A2DF1918B8070046E4B8 /* CoreGraphics.framework */ = {isa = PBXFileReference; lastKnownFileType = wrapper.framework; name = CoreGraphics.framework; path = System/Library/Frameworks/CoreGraphics.framework; sourceTree = SDKROOT; };
		1CF0A2E11918B8070046E4B8 /* UIKit.framework */ = {isa = PBXFileReference; lastKnownFileType = wrapper.framework; name = UIKit.framework; path = System/Library/Frameworks/UIKit.framework; sourceTree = SDKROOT; };
		1CF0A2E51918B8070046E4B8 /* BaiduMapTest-Info.plist */ = {isa = PBXFileReference; lastKnownFileType = text.plist.xml; path = "BaiduMapTest-Info.plist"; sourceTree = "<group>"; };
		1CF0A2E71918B8070046E4B8 /* en */ = {isa = PBXFileReference; lastKnownFileType = text.plist.strings; name = en; path = en.lproj/InfoPlist.strings; sourceTree = "<group>"; };
		1CF0A2E91918B8070046E4B8 /* main.m */ = {isa = PBXFileReference; lastKnownFileType = sourcecode.c.objc; path = main.m; sourceTree = "<group>"; };
		1CF0A2EB1918B8070046E4B8 /* BaiduMapTest-Prefix.pch */ = {isa = PBXFileReference; lastKnownFileType = sourcecode.c.h; path = "BaiduMapTest-Prefix.pch"; sourceTree = "<group>"; };
		1CF0A2EC1918B8070046E4B8 /* AppDelegate.h */ = {isa = PBXFileReference; lastKnownFileType = sourcecode.c.h; path = AppDelegate.h; sourceTree = "<group>"; };
		1CF0A2ED1918B8070046E4B8 /* AppDelegate.m */ = {isa = PBXFileReference; lastKnownFileType = sourcecode.c.objc; path = AppDelegate.m; sourceTree = "<group>"; };
		1CF0A2F01918B8070046E4B8 /* Base */ = {isa = PBXFileReference; lastKnownFileType = file.storyboard; name = Base; path = Base.lproj/Main_iPhone.storyboard; sourceTree = "<group>"; };
		1CF0A2F31918B8070046E4B8 /* Base */ = {isa = PBXFileReference; lastKnownFileType = file.storyboard; name = Base; path = Base.lproj/Main_iPad.storyboard; sourceTree = "<group>"; };
		1CF0A2F51918B8070046E4B8 /* ViewController.h */ = {isa = PBXFileReference; lastKnownFileType = sourcecode.c.h; path = ViewController.h; sourceTree = "<group>"; };
		1CF0A2F61918B8070046E4B8 /* ViewController.m */ = {isa = PBXFileReference; lastKnownFileType = sourcecode.c.objc; path = ViewController.m; sourceTree = "<group>"; };
		1CF0A2F81918B8070046E4B8 /* Images.xcassets */ = {isa = PBXFileReference; lastKnownFileType = folder.assetcatalog; path = Images.xcassets; sourceTree = "<group>"; };
		1CF0A2FE1918B8070046E4B8 /* BaiduMapTestTests.xctest */ = {isa = PBXFileReference; explicitFileType = wrapper.cfbundle; includeInIndex = 0; path = BaiduMapTestTests.xctest; sourceTree = BUILT_PRODUCTS_DIR; };
		1CF0A2FF1918B8070046E4B8 /* XCTest.framework */ = {isa = PBXFileReference; lastKnownFileType = wrapper.framework; name = XCTest.framework; path = Library/Frameworks/XCTest.framework; sourceTree = DEVELOPER_DIR; };
		1CF0A3071918B8070046E4B8 /* BaiduMapTestTests-Info.plist */ = {isa = PBXFileReference; lastKnownFileType = text.plist.xml; path = "BaiduMapTestTests-Info.plist"; sourceTree = "<group>"; };
		1CF0A3091918B8070046E4B8 /* en */ = {isa = PBXFileReference; lastKnownFileType = text.plist.strings; name = en; path = en.lproj/InfoPlist.strings; sourceTree = "<group>"; };
		1CF0A30B1918B8070046E4B8 /* BaiduMapTestTests.m */ = {isa = PBXFileReference; lastKnownFileType = sourcecode.c.objc; path = BaiduMapTestTests.m; sourceTree = "<group>"; };
		1CFCD25D192F898100234FEC /* guide_text.png */ = {isa = PBXFileReference; lastKnownFileType = image.png; path = guide_text.png; sourceTree = "<group>"; };
		1CFCD25E192F898100234FEC /* location_point.png */ = {isa = PBXFileReference; lastKnownFileType = image.png; path = location_point.png; sourceTree = "<group>"; };
		1CFCD25F192F898100234FEC /* location_point@2x.png */ = {isa = PBXFileReference; lastKnownFileType = image.png; path = "location_point@2x.png"; sourceTree = "<group>"; };
		1CFCD260192F898100234FEC /* nav.png */ = {isa = PBXFileReference; lastKnownFileType = image.png; path = nav.png; sourceTree = "<group>"; };
		1CFCD269192F8E9700234FEC /* btn_narrow_normal.png */ = {isa = PBXFileReference; lastKnownFileType = image.png; path = btn_narrow_normal.png; sourceTree = "<group>"; };
		1CFCD26A192F8E9700234FEC /* btn_narrow_pressed.png */ = {isa = PBXFileReference; lastKnownFileType = image.png; path = btn_narrow_pressed.png; sourceTree = "<group>"; };
		1CFCD26B192F8E9700234FEC /* btn_zoom_normal.png */ = {isa = PBXFileReference; lastKnownFileType = image.png; path = btn_zoom_normal.png; sourceTree = "<group>"; };
		1CFCD26C192F8E9700234FEC /* btn_zoom_pressed.png */ = {isa = PBXFileReference; lastKnownFileType = image.png; path = btn_zoom_pressed.png; sourceTree = "<group>"; };
		1CFCD271192FA0A700234FEC /* back.png */ = {isa = PBXFileReference; lastKnownFileType = image.png; path = back.png; sourceTree = "<group>"; };
		1CFCD272192FA0A700234FEC /* login.png */ = {isa = PBXFileReference; lastKnownFileType = image.png; path = login.png; sourceTree = "<group>"; };
		1CFCD273192FA0A700234FEC /* regist.png */ = {isa = PBXFileReference; lastKnownFileType = image.png; path = regist.png; sourceTree = "<group>"; };
		1CFCD274192FA0A700234FEC /* set.png */ = {isa = PBXFileReference; lastKnownFileType = image.png; path = set.png; sourceTree = "<group>"; };
/* End PBXFileReference section */

/* Begin PBXFrameworksBuildPhase section */
		1CF0A2D71918B8070046E4B8 /* Frameworks */ = {
			isa = PBXFrameworksBuildPhase;
			buildActionMask = 2147483647;
			files = (
				1C0E2288191A21DD00263862 /* Security.framework in Frameworks */,
				1C0E2286191A21D200263862 /* SystemConfiguration.framework in Frameworks */,
				1C0E2284191A21CA00263862 /* MobileCoreServices.framework in Frameworks */,
				1C0E2282191A21BE00263862 /* libz.1.2.5.dylib in Frameworks */,
				1C0E2280191A21B800263862 /* CoreLocation.framework in Frameworks */,
				1C0E227E191A21B300263862 /* AVFoundation.framework in Frameworks */,
				1C0E227C191A21B000263862 /* CFNetwork.framework in Frameworks */,
				1C0E2228191A165C00263862 /* QuartzCore.framework in Frameworks */,
				1C0E2226191A165800263862 /* MapKit.framework in Frameworks */,
				1C0E2224191A165300263862 /* CoreText.framework in Frameworks */,
				1C0E2222191A164F00263862 /* libxml2.2.dylib in Frameworks */,
				1CF0A2E01918B8070046E4B8 /* CoreGraphics.framework in Frameworks */,
				1CF0A2E21918B8070046E4B8 /* UIKit.framework in Frameworks */,
				1CF0A2DE1918B8070046E4B8 /* Foundation.framework in Frameworks */,
			);
			runOnlyForDeploymentPostprocessing = 0;
		};
		1CF0A2FB1918B8070046E4B8 /* Frameworks */ = {
			isa = PBXFrameworksBuildPhase;
			buildActionMask = 2147483647;
			files = (
				1CF0A3001918B8070046E4B8 /* XCTest.framework in Frameworks */,
				1CF0A3021918B8070046E4B8 /* UIKit.framework in Frameworks */,
				1CF0A3011918B8070046E4B8 /* Foundation.framework in Frameworks */,
			);
			runOnlyForDeploymentPostprocessing = 0;
		};
/* End PBXFrameworksBuildPhase section */

/* Begin PBXGroup section */
		1C0E21E0191A161700263862 /* third */ = {
			isa = PBXGroup;
			children = (
				1CE175D31930E6C4004B8C06 /* chinese4pinyin */,
				1CE175C719304BFD004B8C06 /* CustomUI */,
				1CE175C619304BEB004B8C06 /* utils */,
				1C9418AA191CC4A900E36E14 /* ProgressHUD */,
				1CF0892B191B1A9E000D9734 /* MMUtils */,
				1C0E222C191A20AD00263862 /* ThirdUIKit */,
				1C0E2208191A161700263862 /* RouteSearch */,
			);
			path = third;
			sourceTree = "<group>";
		};
		1C0E2208191A161700263862 /* RouteSearch */ = {
			isa = PBXGroup;
			children = (
				1C0E21E1191A161700263862 /* AgentCountQueryService.h */,
				1C0E21E2191A161700263862 /* AgentCountQueryService.m */,
				1C0E21E3191A161700263862 /* CommonUtils.h */,
				1C0E21E4191A161700263862 /* CommonUtils.m */,
				1C0E2202191A161700263862 /* MapPoint.h */,
				1C0E2203191A161700263862 /* MapPoint.m */,
				1C0E2204191A161700263862 /* MJGeocoder.h */,
				1C0E2205191A161700263862 /* MJGeocoder.m */,
				1C0E2206191A161700263862 /* PlaceLocation.h */,
				1C0E2207191A161700263862 /* PlaceLocation.m */,
				1C0E2209191A161700263862 /* KMLParser.h */,
				1C0E220A191A161700263862 /* KMLParser.m */,
				1C0E220B191A161700263862 /* RouteSearch.h */,
				1C0E220C191A161700263862 /* RouteSearch.m */,
			);
			path = RouteSearch;
			sourceTree = "<group>";
		};
		1C0E222C191A20AD00263862 /* ThirdUIKit */ = {
			isa = PBXGroup;
			children = (
				1C0E222D191A20AD00263862 /* ASIHttpRequest */,
				1C0E2244191A20AD00263862 /* BlockUI */,
				1C0E224C191A20AD00263862 /* CustomCheckBox */,
				1C0E224F191A20AD00263862 /* CustomUI */,
				1C0E2250191A20AD00263862 /* MJRefresh */,
				1C0E2251191A20AD00263862 /* ProgressHUD */,
				1C0E2252191A20AD00263862 /* RegularExpressions */,
				1C0E2255191A20AD00263862 /* SBJson */,
				1C0E2263191A20AD00263862 /* UINavigation */,
			);
			path = ThirdUIKit;
			sourceTree = "<group>";
		};
		1C0E222D191A20AD00263862 /* ASIHttpRequest */ = {
			isa = PBXGroup;
			children = (
				1C0E222E191A20AD00263862 /* ASIAuthenticationDialog.h */,
				1C0E222F191A20AD00263862 /* ASIAuthenticationDialog.m */,
				1C0E2230191A20AD00263862 /* ASICacheDelegate.h */,
				1C0E2231191A20AD00263862 /* ASIDataCompressor.h */,
				1C0E2232191A20AD00263862 /* ASIDataCompressor.m */,
				1C0E2233191A20AD00263862 /* ASIDataDecompressor.h */,
				1C0E2234191A20AD00263862 /* ASIDataDecompressor.m */,
				1C0E2235191A20AD00263862 /* ASIDownloadCache.h */,
				1C0E2236191A20AD00263862 /* ASIDownloadCache.m */,
				1C0E2237191A20AD00263862 /* ASIFormDataRequest.h */,
				1C0E2238191A20AD00263862 /* ASIFormDataRequest.m */,
				1C0E2239191A20AD00263862 /* ASIHTTPRequest.h */,
				1C0E223A191A20AD00263862 /* ASIHTTPRequest.m */,
				1C0E223B191A20AD00263862 /* ASIHTTPRequestConfig.h */,
				1C0E223C191A20AD00263862 /* ASIHTTPRequestDelegate.h */,
				1C0E223D191A20AD00263862 /* ASIInputStream.h */,
				1C0E223E191A20AD00263862 /* ASIInputStream.m */,
				1C0E223F191A20AD00263862 /* ASINetworkQueue.h */,
				1C0E2240191A20AD00263862 /* ASINetworkQueue.m */,
				1C0E2241191A20AD00263862 /* ASIProgressDelegate.h */,
				1C0E2242191A20AD00263862 /* Reachability.h */,
				1C0E2243191A20AD00263862 /* Reachability.m */,
			);
			path = ASIHttpRequest;
			sourceTree = "<group>";
		};
		1C0E2244191A20AD00263862 /* BlockUI */ = {
			isa = PBXGroup;
			children = (
				1C0E2245191A20AD00263862 /* BlockUI.h */,
				1C0E2246191A20AD00263862 /* BUIControl.h */,
				1C0E2247191A20AD00263862 /* BUIControl.m */,
				1C0E2248191A20AD00263862 /* BUIView.h */,
				1C0E2249191A20AD00263862 /* BUIView.m */,
				1C0E224A191A20AD00263862 /* ZXObject.h */,
				1C0E224B191A20AD00263862 /* ZXObject.m */,
			);
			path = BlockUI;
			sourceTree = "<group>";
		};
		1C0E224C191A20AD00263862 /* CustomCheckBox */ = {
			isa = PBXGroup;
			children = (
				1C0E224D191A20AD00263862 /* QCheckBox.h */,
				1C0E224E191A20AD00263862 /* QCheckBox.m */,
			);
			path = CustomCheckBox;
			sourceTree = "<group>";
		};
		1C0E224F191A20AD00263862 /* CustomUI */ = {
			isa = PBXGroup;
			children = (
			);
			path = CustomUI;
			sourceTree = "<group>";
		};
		1C0E2250191A20AD00263862 /* MJRefresh */ = {
			isa = PBXGroup;
			children = (
			);
			path = MJRefresh;
			sourceTree = "<group>";
		};
		1C0E2251191A20AD00263862 /* ProgressHUD */ = {
			isa = PBXGroup;
			children = (
			);
			path = ProgressHUD;
			sourceTree = "<group>";
		};
		1C0E2252191A20AD00263862 /* RegularExpressions */ = {
			isa = PBXGroup;
			children = (
				1C0E2253191A20AD00263862 /* RegularExpression.h */,
				1C0E2254191A20AD00263862 /* RegularExpression.m */,
			);
			path = RegularExpressions;
			sourceTree = "<group>";
		};
		1C0E2255191A20AD00263862 /* SBJson */ = {
			isa = PBXGroup;
			children = (
				1C0E2256191A20AD00263862 /* JSON.h */,
				1C0E2257191A20AD00263862 /* NSObject+SBJSON.h */,
				1C0E2258191A20AD00263862 /* NSObject+SBJSON.m */,
				1C0E2259191A20AD00263862 /* NSString+SBJSON.h */,
				1C0E225A191A20AD00263862 /* NSString+SBJSON.m */,
				1C0E225B191A20AD00263862 /* SBJSON.h */,
				1C0E225C191A20AD00263862 /* SBJSON.m */,
				1C0E225D191A20AD00263862 /* SBJsonBase.h */,
				1C0E225E191A20AD00263862 /* SBJsonBase.m */,
				1C0E225F191A20AD00263862 /* SBJsonParser.h */,
				1C0E2260191A20AD00263862 /* SBJsonParser.m */,
				1C0E2261191A20AD00263862 /* SBJsonWriter.h */,
				1C0E2262191A20AD00263862 /* SBJsonWriter.m */,
			);
			path = SBJson;
			sourceTree = "<group>";
		};
		1C0E2263191A20AD00263862 /* UINavigation */ = {
			isa = PBXGroup;
			children = (
				1C0E2264191A20AD00263862 /* UINavigationItem+Margin.h */,
				1C0E2265191A20AD00263862 /* UINavigationItem+Margin.m */,
			);
			path = UINavigation;
			sourceTree = "<group>";
		};
		1C941878191CB77000E36E14 /* image */ = {
			isa = PBXGroup;
			children = (
				1CFCD25C192F898100234FEC /* app_image */,
				1C941879191CB77000E36E14 /* Default-568h@2x~iphone.png */,
				1C94187A191CB77000E36E14 /* Default-Landscape@2x~ipad.png */,
				1C94187B191CB77000E36E14 /* Default-Landscape~ipad.png */,
				1C94187C191CB77000E36E14 /* Default-Portrait@2x~ipad.png */,
				1C94187D191CB77000E36E14 /* Default-Portrait~ipad.png */,
				1C94187E191CB77000E36E14 /* Default@2x~iphone.png */,
				1C94187F191CB77000E36E14 /* Default~iphone.png */,
				1C941880191CB77000E36E14 /* Icon-60.png */,
				1C941881191CB77000E36E14 /* Icon-60@2x.png */,
				1C941882191CB77000E36E14 /* Icon-72.png */,
				1C941883191CB77000E36E14 /* Icon-72@2x.png */,
				1C941884191CB77000E36E14 /* Icon-76.png */,
				1C941885191CB77000E36E14 /* Icon-76@2x.png */,
				1C941886191CB77000E36E14 /* Icon-Small-50.png */,
				1C941887191CB77000E36E14 /* Icon-Small-50@2x.png */,
				1C941888191CB77000E36E14 /* Icon-Small.png */,
				1C941889191CB77000E36E14 /* Icon-Small@2x.png */,
				1C94188A191CB77000E36E14 /* Icon-Spotlight-40.png */,
				1C94188B191CB77000E36E14 /* Icon-Spotlight-40@2x.png */,
				1C94188C191CB77000E36E14 /* Icon.png */,
				1C94188D191CB77000E36E14 /* Icon@2x.png */,
				1C94188E191CB77000E36E14 /* iTunesArtwork */,
				1C94188F191CB77000E36E14 /* iTunesArtwork@2x */,
			);
			name = image;
			path = ../image;
			sourceTree = "<group>";
		};
		1C9418AA191CC4A900E36E14 /* ProgressHUD */ = {
			isa = PBXGroup;
			children = (
				1C9418AB191CC4A900E36E14 /* ProgressHUD.bundle */,
				1C9418AC191CC4A900E36E14 /* ProgressHUD.h */,
				1C9418AD191CC4A900E36E14 /* ProgressHUD.m */,
			);
			name = ProgressHUD;
			path = ThirdUIKit/ProgressHUD;
			sourceTree = "<group>";
		};
		1CE175C619304BEB004B8C06 /* utils */ = {
			isa = PBXGroup;
			children = (
				1C0E228D191A3D3C00263862 /* config.h */,
				1C0E2229191A1C1200263862 /* MapAddress.h */,
				1C0E222A191A1C1200263862 /* MapAddress.m */,
				1CE175CD1930E1A6004B8C06 /* pinyin.h */,
				1CE175CE1930E1BF004B8C06 /* pinyin.c */,
				1CE175D01930E1F8004B8C06 /* NameIndex.h */,
				1CE175D11930E1F8004B8C06 /* NameIndex.m */,
			);
			name = utils;
			sourceTree = "<group>";
		};
		1CE175C719304BFD004B8C06 /* CustomUI */ = {
			isa = PBXGroup;
			children = (
				1CF08940191B56F6000D9734 /* MyCell.h */,
				1CF08941191B56F6000D9734 /* MyCell.m */,
				1CF08943191B5725000D9734 /* My_ipad.xib */,
				1CF08945191B6279000D9734 /* My_iphone.xib */,
			);
			name = CustomUI;
			sourceTree = "<group>";
		};
		1CE175C819304C1D004B8C06 /* MainViewController */ = {
			isa = PBXGroup;
			children = (
				1CF0893B191B1BF1000D9734 /* LeftViewController.h */,
				1CF0893C191B1BF1000D9734 /* LeftViewController.m */,
				1CF0A2F51918B8070046E4B8 /* ViewController.h */,
				1CF0A2F61918B8070046E4B8 /* ViewController.m */,
			);
			name = MainViewController;
			sourceTree = "<group>";
		};
		1CE175C919304C3D004B8C06 /* BaseViewController */ = {
			isa = PBXGroup;
			children = (
				1CF0A2EC1918B8070046E4B8 /* AppDelegate.h */,
				1CF0A2ED1918B8070046E4B8 /* AppDelegate.m */,
				1CF0A2EF1918B8070046E4B8 /* Main_iPhone.storyboard */,
				1CF0A2F21918B8070046E4B8 /* Main_iPad.storyboard */,
				1C0E2289191A2DF000263862 /* LoginViewController.h */,
				1C0E228A191A2DF000263862 /* LoginViewController.m */,
				1CF08947191B8500000D9734 /* RegistViewController.h */,
				1CF08948191B8500000D9734 /* RegistViewController.m */,
			);
			name = BaseViewController;
			sourceTree = "<group>";
		};
		1CE175D31930E6C4004B8C06 /* chinese4pinyin */ = {
			isa = PBXGroup;
			children = (
				1CE175E41930E6E3004B8C06 /* unicode_to_hanyu_pinyin.txt */,
				1CE175D41930E6C4004B8C06 /* ChineseToPinyinResource.h */,
				1CE175D51930E6C4004B8C06 /* ChineseToPinyinResource.m */,
				1CE175D61930E6C4004B8C06 /* HanyuPinyinOutputFormat.h */,
				1CE175D71930E6C4004B8C06 /* HanyuPinyinOutputFormat.m */,
				1CE175D81930E6C4004B8C06 /* NSString+PinYin4Cocoa.h */,
				1CE175D91930E6C4004B8C06 /* NSString+PinYin4Cocoa.m */,
				1CE175DB1930E6C4004B8C06 /* PinyinFormatter.h */,
				1CE175DC1930E6C4004B8C06 /* PinyinFormatter.m */,
				1CE175DD1930E6C4004B8C06 /* PinyinHelper.h */,
				1CE175DE1930E6C4004B8C06 /* PinyinHelper.m */,
				1CE175E61930E9AC004B8C06 /* PinYin4Objc.h */,
			);
			path = chinese4pinyin;
			sourceTree = "<group>";
		};
		1CF0892B191B1A9E000D9734 /* MMUtils */ = {
			isa = PBXGroup;
			children = (
				1CF0892C191B1A9E000D9734 /* MMDrawerBarButtonItem.h */,
				1CF0892D191B1A9E000D9734 /* MMDrawerBarButtonItem.m */,
				1CF0892E191B1A9E000D9734 /* MMDrawerController.h */,
				1CF0892F191B1A9E000D9734 /* MMDrawerController.m */,
				1CF08930191B1A9E000D9734 /* MMDrawerVisualState.h */,
				1CF08931191B1A9E000D9734 /* MMDrawerVisualState.m */,
				1CF08932191B1A9E000D9734 /* MMExampleDrawerVisualStateManager.h */,
				1CF08933191B1A9E000D9734 /* MMExampleDrawerVisualStateManager.m */,
				1CF08934191B1A9E000D9734 /* UIViewController+MMDrawerController.h */,
				1CF08935191B1A9E000D9734 /* UIViewController+MMDrawerController.m */,
				1C0266761923761B0062C866 /* MMExampleSideDrawerViewController.h */,
				1C0266771923761B0062C866 /* MMExampleSideDrawerViewController.m */,
				1C0A352419244DAD008CEEF8 /* MMTableViewCell.h */,
				1C0A352519244DAD008CEEF8 /* MMTableViewCell.m */,
				1C0A352719244DD3008CEEF8 /* MMSideDrawerTableViewCell.h */,
				1C0A352819244DD3008CEEF8 /* MMSideDrawerTableViewCell.m */,
				1C0A352A19244DF2008CEEF8 /* MMCenterTableViewCell.h */,
				1C0A352B19244DF2008CEEF8 /* MMCenterTableViewCell.m */,
				1C0A352D19244E12008CEEF8 /* MMSideDrawerSectionHeaderView.h */,
				1C0A352E19244E12008CEEF8 /* MMSideDrawerSectionHeaderView.m */,
				1C0A35301924AF00008CEEF8 /* MMLogoView.h */,
				1C0A35311924AF00008CEEF8 /* MMLogoView.m */,
			);
			path = MMUtils;
			sourceTree = "<group>";
		};
		1CF0A2D11918B8070046E4B8 = {
			isa = PBXGroup;
			children = (
				1C0E21E0191A161700263862 /* third */,
				1CF0A2E31918B8070046E4B8 /* BaiduMapTest */,
				1CF0A3051918B8070046E4B8 /* BaiduMapTestTests */,
				1CF0A2DC1918B8070046E4B8 /* Frameworks */,
				1CF0A2DB1918B8070046E4B8 /* Products */,
			);
			sourceTree = "<group>";
		};
		1CF0A2DB1918B8070046E4B8 /* Products */ = {
			isa = PBXGroup;
			children = (
				1CF0A2DA1918B8070046E4B8 /* BaiduMapTest.app */,
				1CF0A2FE1918B8070046E4B8 /* BaiduMapTestTests.xctest */,
			);
			name = Products;
			sourceTree = "<group>";
		};
		1CF0A2DC1918B8070046E4B8 /* Frameworks */ = {
			isa = PBXGroup;
			children = (
				1C0E2287191A21DD00263862 /* Security.framework */,
				1C0E2285191A21D200263862 /* SystemConfiguration.framework */,
				1C0E2283191A21C900263862 /* MobileCoreServices.framework */,
				1C0E2281191A21BE00263862 /* libz.1.2.5.dylib */,
				1C0E227F191A21B800263862 /* CoreLocation.framework */,
				1C0E227D191A21B300263862 /* AVFoundation.framework */,
				1C0E227B191A21B000263862 /* CFNetwork.framework */,
				1C0E2227191A165C00263862 /* QuartzCore.framework */,
				1C0E2225191A165800263862 /* MapKit.framework */,
				1C0E2223191A165300263862 /* CoreText.framework */,
				1C0E2221191A164F00263862 /* libxml2.2.dylib */,
				1CF0A2DD1918B8070046E4B8 /* Foundation.framework */,
				1CF0A2DF1918B8070046E4B8 /* CoreGraphics.framework */,
				1CF0A2E11918B8070046E4B8 /* UIKit.framework */,
				1CF0A2FF1918B8070046E4B8 /* XCTest.framework */,
			);
			name = Frameworks;
			sourceTree = "<group>";
		};
		1CF0A2E31918B8070046E4B8 /* BaiduMapTest */ = {
			isa = PBXGroup;
			children = (
				1CE175C919304C3D004B8C06 /* BaseViewController */,
				1CE175C819304C1D004B8C06 /* MainViewController */,
				1CF0A2F81918B8070046E4B8 /* Images.xcassets */,
				1CF0A2E41918B8070046E4B8 /* Supporting Files */,
			);
			path = BaiduMapTest;
			sourceTree = "<group>";
		};
		1CF0A2E41918B8070046E4B8 /* Supporting Files */ = {
			isa = PBXGroup;
			children = (
				1CF0A2E51918B8070046E4B8 /* BaiduMapTest-Info.plist */,
				1CF0A2E61918B8070046E4B8 /* InfoPlist.strings */,
				1CF0A2E91918B8070046E4B8 /* main.m */,
				1CF0A2EB1918B8070046E4B8 /* BaiduMapTest-Prefix.pch */,
				1C941878191CB77000E36E14 /* image */,
			);
			name = "Supporting Files";
			sourceTree = "<group>";
		};
		1CF0A3051918B8070046E4B8 /* BaiduMapTestTests */ = {
			isa = PBXGroup;
			children = (
				1CF0A30B1918B8070046E4B8 /* BaiduMapTestTests.m */,
				1CF0A3061918B8070046E4B8 /* Supporting Files */,
			);
			path = BaiduMapTestTests;
			sourceTree = "<group>";
		};
		1CF0A3061918B8070046E4B8 /* Supporting Files */ = {
			isa = PBXGroup;
			children = (
				1CF0A3071918B8070046E4B8 /* BaiduMapTestTests-Info.plist */,
				1CF0A3081918B8070046E4B8 /* InfoPlist.strings */,
			);
			name = "Supporting Files";
			sourceTree = "<group>";
		};
		1CFCD25C192F898100234FEC /* app_image */ = {
			isa = PBXGroup;
			children = (
				1C13D7A7192FAC6200F2477F /* first.png */,
				1CFCD271192FA0A700234FEC /* back.png */,
				1CFCD272192FA0A700234FEC /* login.png */,
				1CFCD273192FA0A700234FEC /* regist.png */,
				1CFCD274192FA0A700234FEC /* set.png */,
				1CFCD269192F8E9700234FEC /* btn_narrow_normal.png */,
				1CFCD26A192F8E9700234FEC /* btn_narrow_pressed.png */,
				1CFCD26B192F8E9700234FEC /* btn_zoom_normal.png */,
				1CFCD26C192F8E9700234FEC /* btn_zoom_pressed.png */,
				1CFCD25D192F898100234FEC /* guide_text.png */,
				1CFCD25E192F898100234FEC /* location_point.png */,
				1CFCD25F192F898100234FEC /* location_point@2x.png */,
				1CFCD260192F898100234FEC /* nav.png */,
			);
			path = app_image;
			sourceTree = "<group>";
		};
/* End PBXGroup section */

/* Begin PBXNativeTarget section */
		1CF0A2D91918B8070046E4B8 /* BaiduMapTest */ = {
			isa = PBXNativeTarget;
			buildConfigurationList = 1CF0A30F1918B8070046E4B8 /* Build configuration list for PBXNativeTarget "BaiduMapTest" */;
			buildPhases = (
				1CF0A2D61918B8070046E4B8 /* Sources */,
				1CF0A2D71918B8070046E4B8 /* Frameworks */,
				1CF0A2D81918B8070046E4B8 /* Resources */,
			);
			buildRules = (
			);
			dependencies = (
			);
			name = BaiduMapTest;
			productName = BaiduMapTest;
			productReference = 1CF0A2DA1918B8070046E4B8 /* BaiduMapTest.app */;
			productType = "com.apple.product-type.application";
		};
		1CF0A2FD1918B8070046E4B8 /* BaiduMapTestTests */ = {
			isa = PBXNativeTarget;
			buildConfigurationList = 1CF0A3121918B8070046E4B8 /* Build configuration list for PBXNativeTarget "BaiduMapTestTests" */;
			buildPhases = (
				1CF0A2FA1918B8070046E4B8 /* Sources */,
				1CF0A2FB1918B8070046E4B8 /* Frameworks */,
				1CF0A2FC1918B8070046E4B8 /* Resources */,
			);
			buildRules = (
			);
			dependencies = (
				1CF0A3041918B8070046E4B8 /* PBXTargetDependency */,
			);
			name = BaiduMapTestTests;
			productName = BaiduMapTestTests;
			productReference = 1CF0A2FE1918B8070046E4B8 /* BaiduMapTestTests.xctest */;
			productType = "com.apple.product-type.bundle.unit-test";
		};
/* End PBXNativeTarget section */

/* Begin PBXProject section */
		1CF0A2D21918B8070046E4B8 /* Project object */ = {
			isa = PBXProject;
			attributes = {
				LastUpgradeCheck = 0500;
				ORGANIZATIONNAME = ZKR;
				TargetAttributes = {
					1CF0A2D91918B8070046E4B8 = {
						DevelopmentTeam = SQ5LJTFH45;
					};
					1CF0A2FD1918B8070046E4B8 = {
						TestTargetID = 1CF0A2D91918B8070046E4B8;
					};
				};
			};
			buildConfigurationList = 1CF0A2D51918B8070046E4B8 /* Build configuration list for PBXProject "BaiduMapTest" */;
			compatibilityVersion = "Xcode 3.2";
			developmentRegion = English;
			hasScannedForEncodings = 0;
			knownRegions = (
				en,
				Base,
			);
			mainGroup = 1CF0A2D11918B8070046E4B8;
			productRefGroup = 1CF0A2DB1918B8070046E4B8 /* Products */;
			projectDirPath = "";
			projectRoot = "";
			targets = (
				1CF0A2D91918B8070046E4B8 /* BaiduMapTest */,
				1CF0A2FD1918B8070046E4B8 /* BaiduMapTestTests */,
			);
		};
/* End PBXProject section */

/* Begin PBXResourcesBuildPhase section */
		1CF0A2D81918B8070046E4B8 /* Resources */ = {
			isa = PBXResourcesBuildPhase;
			buildActionMask = 2147483647;
			files = (
				1C941894191CB77000E36E14 /* Default-Portrait@2x~ipad.png in Resources */,
				1C9418A5191CB77000E36E14 /* Icon@2x.png in Resources */,
				1C9418A3191CB77000E36E14 /* Icon-Spotlight-40@2x.png in Resources */,
				1C941893191CB77000E36E14 /* Default-Landscape~ipad.png in Resources */,
				1CF08946191B6279000D9734 /* My_iphone.xib in Resources */,
				1C9418A7191CB77000E36E14 /* iTunesArtwork@2x in Resources */,
				1CFCD262192F898100234FEC /* location_point.png in Resources */,
				1C94189D191CB77000E36E14 /* Icon-76@2x.png in Resources */,
				1CF0A2F41918B8070046E4B8 /* Main_iPad.storyboard in Resources */,
				1CFCD26D192F8E9700234FEC /* btn_narrow_normal.png in Resources */,
				1CF0A2F91918B8070046E4B8 /* Images.xcassets in Resources */,
				1C9418AE191CC4A900E36E14 /* ProgressHUD.bundle in Resources */,
				1CE175E51930E6E3004B8C06 /* unicode_to_hanyu_pinyin.txt in Resources */,
				1CFCD278192FA0A800234FEC /* set.png in Resources */,
				1C9418A0191CB77000E36E14 /* Icon-Small.png in Resources */,
				1C941892191CB77000E36E14 /* Default-Landscape@2x~ipad.png in Resources */,
				1C94189F191CB77000E36E14 /* Icon-Small-50@2x.png in Resources */,
				1C9418A6191CB77000E36E14 /* iTunesArtwork in Resources */,
				1CFCD277192FA0A800234FEC /* regist.png in Resources */,
				1C9418A4191CB77000E36E14 /* Icon.png in Resources */,
				1C941897191CB77000E36E14 /* Default~iphone.png in Resources */,
				1C941899191CB77000E36E14 /* Icon-60@2x.png in Resources */,
				1C13D7A8192FAC6200F2477F /* first.png in Resources */,
				1C941896191CB77000E36E14 /* Default@2x~iphone.png in Resources */,
				1C94189A191CB77000E36E14 /* Icon-72.png in Resources */,
				1CFCD276192FA0A800234FEC /* login.png in Resources */,
				1CFCD261192F898100234FEC /* guide_text.png in Resources */,
				1C94189E191CB77000E36E14 /* Icon-Small-50.png in Resources */,
				1C941898191CB77000E36E14 /* Icon-60.png in Resources */,
				1C94189B191CB77000E36E14 /* Icon-72@2x.png in Resources */,
				1CFCD263192F898100234FEC /* location_point@2x.png in Resources */,
				1CFCD270192F8E9700234FEC /* btn_zoom_pressed.png in Resources */,
				1CF0A2F11918B8070046E4B8 /* Main_iPhone.storyboard in Resources */,
				1CF0A2E81918B8070046E4B8 /* InfoPlist.strings in Resources */,
				1C941891191CB77000E36E14 /* Default-568h@2x~iphone.png in Resources */,
				1C94189C191CB77000E36E14 /* Icon-76.png in Resources */,
				1CFCD264192F898100234FEC /* nav.png in Resources */,
				1CFCD275192FA0A800234FEC /* back.png in Resources */,
				1CF08944191B5725000D9734 /* My_ipad.xib in Resources */,
				1C9418A1191CB77000E36E14 /* Icon-Small@2x.png in Resources */,
				1C941895191CB77000E36E14 /* Default-Portrait~ipad.png in Resources */,
				1CFCD26E192F8E9700234FEC /* btn_narrow_pressed.png in Resources */,
				1C9418A2191CB77000E36E14 /* Icon-Spotlight-40.png in Resources */,
				1CFCD26F192F8E9700234FEC /* btn_zoom_normal.png in Resources */,
			);
			runOnlyForDeploymentPostprocessing = 0;
		};
		1CF0A2FC1918B8070046E4B8 /* Resources */ = {
			isa = PBXResourcesBuildPhase;
			buildActionMask = 2147483647;
			files = (
				1CF0A30A1918B8070046E4B8 /* InfoPlist.strings in Resources */,
			);
			runOnlyForDeploymentPostprocessing = 0;
		};
/* End PBXResourcesBuildPhase section */

/* Begin PBXSourcesBuildPhase section */
		1CF0A2D61918B8070046E4B8 /* Sources */ = {
			isa = PBXSourcesBuildPhase;
			buildActionMask = 2147483647;
			files = (
				1CE175E31930E6C4004B8C06 /* PinyinHelper.m in Sources */,
				1C0E2272191A20AD00263862 /* QCheckBox.m in Sources */,
				1CF0A2F71918B8070046E4B8 /* ViewController.m in Sources */,
				1C0E220E191A161700263862 /* CommonUtils.m in Sources */,
				1C0E227A191A20AD00263862 /* UINavigationItem+Margin.m in Sources */,
				1CF0A2EE1918B8070046E4B8 /* AppDelegate.m in Sources */,
				1C0A352619244DAD008CEEF8 /* MMTableViewCell.m in Sources */,
				1C0E2268191A20AD00263862 /* ASIDataDecompressor.m in Sources */,
				1C0E2269191A20AD00263862 /* ASIDownloadCache.m in Sources */,
				1CF0893A191B1A9E000D9734 /* UIViewController+MMDrawerController.m in Sources */,
				1C0E221C191A161700263862 /* MapPoint.m in Sources */,
				1C0E221D191A161700263862 /* MJGeocoder.m in Sources */,
				1CE175DF1930E6C4004B8C06 /* ChineseToPinyinResource.m in Sources */,
				1C0E221F191A161700263862 /* KMLParser.m in Sources */,
				1C0E226C191A20AD00263862 /* ASIInputStream.m in Sources */,
				1CE175E11930E6C4004B8C06 /* NSString+PinYin4Cocoa.m in Sources */,
				1C0E2267191A20AD00263862 /* ASIDataCompressor.m in Sources */,
				1CE175CF1930E1BF004B8C06 /* pinyin.c in Sources */,
				1CF08938191B1A9E000D9734 /* MMDrawerVisualState.m in Sources */,
				1C0E2279191A20AD00263862 /* SBJsonWriter.m in Sources */,
				1C0E220D191A161700263862 /* AgentCountQueryService.m in Sources */,
				1C0E221E191A161700263862 /* PlaceLocation.m in Sources */,
				1C0E2271191A20AD00263862 /* ZXObject.m in Sources */,
				1CF08937191B1A9E000D9734 /* MMDrawerController.m in Sources */,
				1C0E2278191A20AD00263862 /* SBJsonParser.m in Sources */,
				1C0A352919244DD3008CEEF8 /* MMSideDrawerTableViewCell.m in Sources */,
				1CE175E21930E6C4004B8C06 /* PinyinFormatter.m in Sources */,
				1CF08939191B1A9E000D9734 /* MMExampleDrawerVisualStateManager.m in Sources */,
				1C0E226A191A20AD00263862 /* ASIFormDataRequest.m in Sources */,
				1CE175D21930E1F8004B8C06 /* NameIndex.m in Sources */,
				1C0E226F191A20AD00263862 /* BUIControl.m in Sources */,
				1C0E226B191A20AD00263862 /* ASIHTTPRequest.m in Sources */,
				1C9418AF191CC4A900E36E14 /* ProgressHUD.m in Sources */,
				1CE175E01930E6C4004B8C06 /* HanyuPinyinOutputFormat.m in Sources */,
				1C0266781923761B0062C866 /* MMExampleSideDrawerViewController.m in Sources */,
				1C0A352C19244DF2008CEEF8 /* MMCenterTableViewCell.m in Sources */,
				1CF0893D191B1BF1000D9734 /* LeftViewController.m in Sources */,
				1C0E228B191A2DF000263862 /* LoginViewController.m in Sources */,
				1CF08949191B8500000D9734 /* RegistViewController.m in Sources */,
				1C0E2220191A161700263862 /* RouteSearch.m in Sources */,
				1C0E2276191A20AD00263862 /* SBJSON.m in Sources */,
				1C0E226D191A20AD00263862 /* ASINetworkQueue.m in Sources */,
				1C0E226E191A20AD00263862 /* Reachability.m in Sources */,
				1CF08936191B1A9E000D9734 /* MMDrawerBarButtonItem.m in Sources */,
				1C0E2277191A20AD00263862 /* SBJsonBase.m in Sources */,
				1C0E2275191A20AD00263862 /* NSString+SBJSON.m in Sources */,
				1CF08942191B56F6000D9734 /* MyCell.m in Sources */,
				1C0E222B191A1C1200263862 /* MapAddress.m in Sources */,
				1C0E2270191A20AD00263862 /* BUIView.m in Sources */,
				1C0E2266191A20AD00263862 /* ASIAuthenticationDialog.m in Sources */,
				1C0A352F19244E12008CEEF8 /* MMSideDrawerSectionHeaderView.m in Sources */,
				1CF0A2EA1918B8070046E4B8 /* main.m in Sources */,
				1C0A35321924AF00008CEEF8 /* MMLogoView.m in Sources */,
				1C0E2273191A20AD00263862 /* RegularExpression.m in Sources */,
				1C0E2274191A20AD00263862 /* NSObject+SBJSON.m in Sources */,
			);
			runOnlyForDeploymentPostprocessing = 0;
		};
		1CF0A2FA1918B8070046E4B8 /* Sources */ = {
			isa = PBXSourcesBuildPhase;
			buildActionMask = 2147483647;
			files = (
				1CF0A30C1918B8070046E4B8 /* BaiduMapTestTests.m in Sources */,
			);
			runOnlyForDeploymentPostprocessing = 0;
		};
/* End PBXSourcesBuildPhase section */

/* Begin PBXTargetDependency section */
		1CF0A3041918B8070046E4B8 /* PBXTargetDependency */ = {
			isa = PBXTargetDependency;
			target = 1CF0A2D91918B8070046E4B8 /* BaiduMapTest */;
			targetProxy = 1CF0A3031918B8070046E4B8 /* PBXContainerItemProxy */;
		};
/* End PBXTargetDependency section */

/* Begin PBXVariantGroup section */
		1CF0A2E61918B8070046E4B8 /* InfoPlist.strings */ = {
			isa = PBXVariantGroup;
			children = (
				1CF0A2E71918B8070046E4B8 /* en */,
			);
			name = InfoPlist.strings;
			sourceTree = "<group>";
		};
		1CF0A2EF1918B8070046E4B8 /* Main_iPhone.storyboard */ = {
			isa = PBXVariantGroup;
			children = (
				1CF0A2F01918B8070046E4B8 /* Base */,
			);
			name = Main_iPhone.storyboard;
			sourceTree = "<group>";
		};
		1CF0A2F21918B8070046E4B8 /* Main_iPad.storyboard */ = {
			isa = PBXVariantGroup;
			children = (
				1CF0A2F31918B8070046E4B8 /* Base */,
			);
			name = Main_iPad.storyboard;
			sourceTree = "<group>";
		};
		1CF0A3081918B8070046E4B8 /* InfoPlist.strings */ = {
			isa = PBXVariantGroup;
			children = (
				1CF0A3091918B8070046E4B8 /* en */,
			);
			name = InfoPlist.strings;
			sourceTree = "<group>";
		};
/* End PBXVariantGroup section */

/* Begin XCBuildConfiguration section */
		1CF0A30D1918B8070046E4B8 /* Debug */ = {
			isa = XCBuildConfiguration;
			buildSettings = {
				ALWAYS_SEARCH_USER_PATHS = NO;
				ARCHS = "$(ARCHS_STANDARD_INCLUDING_64_BIT)";
				CLANG_CXX_LANGUAGE_STANDARD = "gnu++0x";
				CLANG_CXX_LIBRARY = "libc++";
				CLANG_ENABLE_MODULES = YES;
				CLANG_ENABLE_OBJC_ARC = YES;
				CLANG_WARN_BOOL_CONVERSION = YES;
				CLANG_WARN_CONSTANT_CONVERSION = YES;
				CLANG_WARN_DIRECT_OBJC_ISA_USAGE = YES_ERROR;
				CLANG_WARN_EMPTY_BODY = YES;
				CLANG_WARN_ENUM_CONVERSION = YES;
				CLANG_WARN_INT_CONVERSION = YES;
				CLANG_WARN_OBJC_ROOT_CLASS = YES_ERROR;
				CLANG_WARN__DUPLICATE_METHOD_MATCH = YES;
				CODE_SIGN_IDENTITY = "iPhone Distribution: Dongguan Chanda Sports Media Co., Ltd.";
				"CODE_SIGN_IDENTITY[sdk=iphoneos*]" = "iPhone Distribution: Dongguan Chanda Sports Media Co., Ltd.";
				COPY_PHASE_STRIP = NO;
				GCC_C_LANGUAGE_STANDARD = gnu99;
				GCC_DYNAMIC_NO_PIC = NO;
				GCC_OPTIMIZATION_LEVEL = 0;
				GCC_PREPROCESSOR_DEFINITIONS = (
					"DEBUG=1",
					"$(inherited)",
				);
				GCC_SYMBOLS_PRIVATE_EXTERN = NO;
				GCC_WARN_64_TO_32_BIT_CONVERSION = YES;
				GCC_WARN_ABOUT_RETURN_TYPE = YES_ERROR;
				GCC_WARN_UNDECLARED_SELECTOR = YES;
				GCC_WARN_UNINITIALIZED_AUTOS = YES;
				GCC_WARN_UNUSED_FUNCTION = YES;
				GCC_WARN_UNUSED_VARIABLE = YES;
				IPHONEOS_DEPLOYMENT_TARGET = 7.0;
				ONLY_ACTIVE_ARCH = YES;
				PROVISIONING_PROFILE = "C77A93E0-6605-4D2F-8C69-38748CB56A72";
				SDKROOT = iphoneos;
				TARGETED_DEVICE_FAMILY = "1,2";
			};
			name = Debug;
		};
		1CF0A30E1918B8070046E4B8 /* Release */ = {
			isa = XCBuildConfiguration;
			buildSettings = {
				ALWAYS_SEARCH_USER_PATHS = NO;
				ARCHS = "$(ARCHS_STANDARD_INCLUDING_64_BIT)";
				CLANG_CXX_LANGUAGE_STANDARD = "gnu++0x";
				CLANG_CXX_LIBRARY = "libc++";
				CLANG_ENABLE_MODULES = YES;
				CLANG_ENABLE_OBJC_ARC = YES;
				CLANG_WARN_BOOL_CONVERSION = YES;
				CLANG_WARN_CONSTANT_CONVERSION = YES;
				CLANG_WARN_DIRECT_OBJC_ISA_USAGE = YES_ERROR;
				CLANG_WARN_EMPTY_BODY = YES;
				CLANG_WARN_ENUM_CONVERSION = YES;
				CLANG_WARN_INT_CONVERSION = YES;
				CLANG_WARN_OBJC_ROOT_CLASS = YES_ERROR;
				CLANG_WARN__DUPLICATE_METHOD_MATCH = YES;
				CODE_SIGN_IDENTITY = "iPhone Distribution: Dongguan Chanda Sports Media Co., Ltd.";
				"CODE_SIGN_IDENTITY[sdk=iphoneos*]" = "iPhone Distribution: Dongguan Chanda Sports Media Co., Ltd.";
				COPY_PHASE_STRIP = YES;
				ENABLE_NS_ASSERTIONS = NO;
				GCC_C_LANGUAGE_STANDARD = gnu99;
				GCC_WARN_64_TO_32_BIT_CONVERSION = YES;
				GCC_WARN_ABOUT_RETURN_TYPE = YES_ERROR;
				GCC_WARN_UNDECLARED_SELECTOR = YES;
				GCC_WARN_UNINITIALIZED_AUTOS = YES;
				GCC_WARN_UNUSED_FUNCTION = YES;
				GCC_WARN_UNUSED_VARIABLE = YES;
				IPHONEOS_DEPLOYMENT_TARGET = 7.0;
				PROVISIONING_PROFILE = "C77A93E0-6605-4D2F-8C69-38748CB56A72";
				SDKROOT = iphoneos;
				TARGETED_DEVICE_FAMILY = "1,2";
				VALIDATE_PRODUCT = YES;
			};
			name = Release;
		};
		1CF0A3101918B8070046E4B8 /* Debug */ = {
			isa = XCBuildConfiguration;
			buildSettings = {
				ARCHS = "$(ARCHS_STANDARD)";
				ASSETCATALOG_COMPILER_APPICON_NAME = AppIcon;
				CLANG_ENABLE_OBJC_ARC = YES;
				CODE_SIGN_IDENTITY = "iPhone Developer: peng yuan (HLE9E7RHAC)";
				GCC_PRECOMPILE_PREFIX_HEADER = YES;
				GCC_PREFIX_HEADER = "BaiduMapTest/BaiduMapTest-Prefix.pch";
				INFOPLIST_FILE = "BaiduMapTest/BaiduMapTest-Info.plist";
				IPHONEOS_DEPLOYMENT_TARGET = 5.1;
				LIBRARY_SEARCH_PATHS = "$(inherited)";
				PRODUCT_NAME = "$(TARGET_NAME)";
				PROVISIONING_PROFILE = "4E788E64-027D-4FFD-84DF-3272336543F6";
				WRAPPER_EXTENSION = app;
			};
			name = Debug;
		};
		1CF0A3111918B8070046E4B8 /* Release */ = {
			isa = XCBuildConfiguration;
			buildSettings = {
				ARCHS = "$(ARCHS_STANDARD)";
				ASSETCATALOG_COMPILER_APPICON_NAME = AppIcon;
				CLANG_ENABLE_OBJC_ARC = YES;
				CODE_SIGN_IDENTITY = "iPhone Developer: peng yuan (HLE9E7RHAC)";
				GCC_PRECOMPILE_PREFIX_HEADER = YES;
				GCC_PREFIX_HEADER = "BaiduMapTest/BaiduMapTest-Prefix.pch";
				INFOPLIST_FILE = "BaiduMapTest/BaiduMapTest-Info.plist";
				IPHONEOS_DEPLOYMENT_TARGET = 5.1;
				LIBRARY_SEARCH_PATHS = "$(inherited)";
				PRODUCT_NAME = "$(TARGET_NAME)";
				PROVISIONING_PROFILE = "4E788E64-027D-4FFD-84DF-3272336543F6";
				WRAPPER_EXTENSION = app;
			};
			name = Release;
		};
		1CF0A3131918B8070046E4B8 /* Debug */ = {
			isa = XCBuildConfiguration;
			buildSettings = {
				ARCHS = "$(ARCHS_STANDARD_INCLUDING_64_BIT)";
				BUNDLE_LOADER = "$(BUILT_PRODUCTS_DIR)/BaiduMapTest.app/BaiduMapTest";
				FRAMEWORK_SEARCH_PATHS = (
					"$(SDKROOT)/Developer/Library/Frameworks",
					"$(inherited)",
					"$(DEVELOPER_FRAMEWORKS_DIR)",
				);
				GCC_PRECOMPILE_PREFIX_HEADER = YES;
				GCC_PREFIX_HEADER = "BaiduMapTest/BaiduMapTest-Prefix.pch";
				GCC_PREPROCESSOR_DEFINITIONS = (
					"DEBUG=1",
					"$(inherited)",
				);
				INFOPLIST_FILE = "BaiduMapTestTests/BaiduMapTestTests-Info.plist";
				PRODUCT_NAME = "$(TARGET_NAME)";
				TEST_HOST = "$(BUNDLE_LOADER)";
				WRAPPER_EXTENSION = xctest;
			};
			name = Debug;
		};
		1CF0A3141918B8070046E4B8 /* Release */ = {
			isa = XCBuildConfiguration;
			buildSettings = {
				ARCHS = "$(ARCHS_STANDARD_INCLUDING_64_BIT)";
				BUNDLE_LOADER = "$(BUILT_PRODUCTS_DIR)/BaiduMapTest.app/BaiduMapTest";
				FRAMEWORK_SEARCH_PATHS = (
					"$(SDKROOT)/Developer/Library/Frameworks",
					"$(inherited)",
					"$(DEVELOPER_FRAMEWORKS_DIR)",
				);
				GCC_PRECOMPILE_PREFIX_HEADER = YES;
				GCC_PREFIX_HEADER = "BaiduMapTest/BaiduMapTest-Prefix.pch";
				INFOPLIST_FILE = "BaiduMapTestTests/BaiduMapTestTests-Info.plist";
				PRODUCT_NAME = "$(TARGET_NAME)";
				TEST_HOST = "$(BUNDLE_LOADER)";
				WRAPPER_EXTENSION = xctest;
			};
			name = Release;
		};
/* End XCBuildConfiguration section */

/* Begin XCConfigurationList section */
		1CF0A2D51918B8070046E4B8 /* Build configuration list for PBXProject "BaiduMapTest" */ = {
			isa = XCConfigurationList;
			buildConfigurations = (
				1CF0A30D1918B8070046E4B8 /* Debug */,
				1CF0A30E1918B8070046E4B8 /* Release */,
			);
			defaultConfigurationIsVisible = 0;
			defaultConfigurationName = Release;
		};
		1CF0A30F1918B8070046E4B8 /* Build configuration list for PBXNativeTarget "BaiduMapTest" */ = {
			isa = XCConfigurationList;
			buildConfigurations = (
				1CF0A3101918B8070046E4B8 /* Debug */,
				1CF0A3111918B8070046E4B8 /* Release */,
			);
			defaultConfigurationIsVisible = 0;
			defaultConfigurationName = Release;
		};
		1CF0A3121918B8070046E4B8 /* Build configuration list for PBXNativeTarget "BaiduMapTestTests" */ = {
			isa = XCConfigurationList;
			buildConfigurations = (
				1CF0A3131918B8070046E4B8 /* Debug */,
				1CF0A3141918B8070046E4B8 /* Release */,
			);
			defaultConfigurationIsVisible = 0;
			defaultConfigurationName = Release;
		};
/* End XCConfigurationList section */
	};
	rootObject = 1CF0A2D21918B8070046E4B8 /* Project object */;
}
